// !$*UTF8*$!
{
	archiveVersion = 1;
	classes = {
	};
	objectVersion = 55;
	objects = {

/* Begin PBXBuildFile section */
		281A892A2E69AAA30002D56C /* GoogleService-Info.plist in Resources */ = {isa = PBXBuildFile; fileRef = 7AC3C8982DC4EB9600EF8389 /* GoogleService-Info.plist */; };
		281A893D2E69B7890002D56C /* FeedbackErrorApp.swift in Sources */ = {isa = PBXBuildFile; fileRef = 281A89392E69B7890002D56C /* FeedbackErrorApp.swift */; };
		281A89402E69B7950002D56C /* FeedbackMockApp.swift in Sources */ = {isa = PBXBuildFile; fileRef = 281A893E2E69B7950002D56C /* FeedbackMockApp.swift */; };
		281A89432E69B7970002D56C /* FeedbackFlowApp.swift in Sources */ = {isa = PBXBuildFile; fileRef = 281A89412E69B7970002D56C /* FeedbackFlowApp.swift */; };
		2843B5222E69A39800274A6F /* Implementations in Frameworks */ = {isa = PBXBuildFile; productRef = 28D8883A2E6788FF00F0B6BE /* Implementations */; };
		2843B5232E69A39800274A6F /* InfoPlist in Frameworks */ = {isa = PBXBuildFile; productRef = 28D8883B2E6788FF00F0B6BE /* InfoPlist */; };
		285E15C12E69BE5600C1B766 /* APIClientMock.swift in Sources */ = {isa = PBXBuildFile; fileRef = 285E15C02E69BE5600C1B766 /* APIClientMock.swift */; };
		285E15C22E69BEC100C1B766 /* APIClientMock.swift in Sources */ = {isa = PBXBuildFile; fileRef = 285E15C02E69BE5600C1B766 /* APIClientMock.swift */; };
		285E15C32E69BEF500C1B766 /* AppIcon.icon in Resources */ = {isa = PBXBuildFile; fileRef = 28DB6A3A2E5E054700F90EA0 /* AppIcon.icon */; };
		285E15C52E69C28800C1B766 /* RootFeature in Frameworks */ = {isa = PBXBuildFile; productRef = 285E15C42E69C28800C1B766 /* RootFeature */; };
		285E15C62E69C93000C1B766 /* AppIcon.icon in Resources */ = {isa = PBXBuildFile; fileRef = 28DB6A3A2E5E054700F90EA0 /* AppIcon.icon */; };
		285E15C72E69CA4800C1B766 /* Implementations in Frameworks */ = {isa = PBXBuildFile; productRef = 7A49F5562DD9FE8500FF5B86 /* Implementations */; };
		285E15C82E69CA4800C1B766 /* InfoPlist in Frameworks */ = {isa = PBXBuildFile; productRef = 7A49F5582DDA0ED700FF5B86 /* InfoPlist */; };
		285E15C92E69CA4800C1B766 /* AppCore in Frameworks */ = {isa = PBXBuildFile; productRef = 7A7E44EE2DE85B4800B3C4C4 /* AppCore */; };
		285E15CA2E69CA4800C1B766 /* FeedbackFlow in Frameworks */ = {isa = PBXBuildFile; productRef = 285F02882C12328F00AE8942 /* FeedbackFlow */; };
		285E15CB2E69CA4800C1B766 /* FeedbackFlowFeature in Frameworks */ = {isa = PBXBuildFile; productRef = 7A7D2D852E13D184008B31F0 /* FeedbackFlowFeature */; };
		287B6F8A2E698B55003A419C /* AppDelegate.swift in Sources */ = {isa = PBXBuildFile; fileRef = 7AB225402D7B2B89002BEF81 /* AppDelegate.swift */; };
		287B6F8B2E698B55003A419C /* FeedbackApp.swift in Sources */ = {isa = PBXBuildFile; fileRef = B1057F372843FD8600B9EE2F /* FeedbackApp.swift */; };
		287B6F8C2E698B55003A419C /* DebugMenuView.swift in Sources */ = {isa = PBXBuildFile; fileRef = 7AC03C252D7A4CE6009A06C7 /* DebugMenuView.swift */; };
		28D888422E6788FF00F0B6BE /* RootFeature in Frameworks */ = {isa = PBXBuildFile; productRef = 28D8883C2E6788FF00F0B6BE /* RootFeature */; };
		28D888442E6788FF00F0B6BE /* Launch Screen.storyboard in Resources */ = {isa = PBXBuildFile; fileRef = 7A034FDF2D9AC93B0059C6F3 /* Launch Screen.storyboard */; };
		28D888452E6788FF00F0B6BE /* Localizable.xcstrings in Resources */ = {isa = PBXBuildFile; fileRef = 7ABEBB622D5F7317002E0FE5 /* Localizable.xcstrings */; };
		28D888462E6788FF00F0B6BE /* Preview Assets.xcassets in Resources */ = {isa = PBXBuildFile; fileRef = B1057F3E2843FD8700B9EE2F /* Preview Assets.xcassets */; };
		28D888472E6788FF00F0B6BE /* Assets.xcassets in Resources */ = {isa = PBXBuildFile; fileRef = B1057F3B2843FD8700B9EE2F /* Assets.xcassets */; };
		28D888512E67897800F0B6BE /* AppIcon.icon in Resources */ = {isa = PBXBuildFile; fileRef = 28DB6A3A2E5E054700F90EA0 /* AppIcon.icon */; };
		28D888602E678B9200F0B6BE /* AppIcon.icon in Resources */ = {isa = PBXBuildFile; fileRef = 28DB6A3A2E5E054700F90EA0 /* AppIcon.icon */; };
		7A062A3B2E12EE8F000AA1A5 /* RootFeature in Frameworks */ = {isa = PBXBuildFile; productRef = 7A062A3A2E12EE8F000AA1A5 /* RootFeature */; };
		7A49F5232DD5F96000FF5B86 /* Assets.xcassets in Resources */ = {isa = PBXBuildFile; fileRef = B1057F3B2843FD8700B9EE2F /* Assets.xcassets */; };
		7A49F5242DD5F96500FF5B86 /* Preview Assets.xcassets in Resources */ = {isa = PBXBuildFile; fileRef = B1057F3E2843FD8700B9EE2F /* Preview Assets.xcassets */; };
		7A49F5252DD5F96C00FF5B86 /* Localizable.xcstrings in Resources */ = {isa = PBXBuildFile; fileRef = 7ABEBB622D5F7317002E0FE5 /* Localizable.xcstrings */; };
		7A49F5262DD5F96F00FF5B86 /* Launch Screen.storyboard in Resources */ = {isa = PBXBuildFile; fileRef = 7A034FDF2D9AC93B0059C6F3 /* Launch Screen.storyboard */; };
		7A49F5272DD5F97D00FF5B86 /* Assets.xcassets in Resources */ = {isa = PBXBuildFile; fileRef = B1057F3B2843FD8700B9EE2F /* Assets.xcassets */; };
		7A49F5282DD5F99200FF5B86 /* Preview Assets.xcassets in Resources */ = {isa = PBXBuildFile; fileRef = B1057F3E2843FD8700B9EE2F /* Preview Assets.xcassets */; };
		7A49F5292DD5F99200FF5B86 /* Localizable.xcstrings in Resources */ = {isa = PBXBuildFile; fileRef = 7ABEBB622D5F7317002E0FE5 /* Localizable.xcstrings */; };
		7A49F52A2DD5F99200FF5B86 /* Launch Screen.storyboard in Resources */ = {isa = PBXBuildFile; fileRef = 7A034FDF2D9AC93B0059C6F3 /* Launch Screen.storyboard */; };
		7ABB22262E17F061006B6865 /* RootFeature in Frameworks */ = {isa = PBXBuildFile; productRef = 7ABB22252E17F061006B6865 /* RootFeature */; };
/* End PBXBuildFile section */

/* Begin PBXFileReference section */
		281A89392E69B7890002D56C /* FeedbackErrorApp.swift */ = {isa = PBXFileReference; lastKnownFileType = sourcecode.swift; path = FeedbackErrorApp.swift; sourceTree = "<group>"; };
		281A893E2E69B7950002D56C /* FeedbackMockApp.swift */ = {isa = PBXFileReference; lastKnownFileType = sourcecode.swift; path = FeedbackMockApp.swift; sourceTree = "<group>"; };
		281A89412E69B7970002D56C /* FeedbackFlowApp.swift */ = {isa = PBXFileReference; lastKnownFileType = sourcecode.swift; path = FeedbackFlowApp.swift; sourceTree = "<group>"; };
		281A89442E69B7A90002D56C /* Info.plist */ = {isa = PBXFileReference; lastKnownFileType = text.plist.xml; path = Info.plist; sourceTree = "<group>"; };
		281A89462E69B7AC0002D56C /* Debug.xcconfig */ = {isa = PBXFileReference; lastKnownFileType = text.xcconfig; path = Debug.xcconfig; sourceTree = "<group>"; };
		281A89472E69B7AC0002D56C /* Default.xcconfig */ = {isa = PBXFileReference; lastKnownFileType = text.xcconfig; path = Default.xcconfig; sourceTree = "<group>"; };
		281A89482E69B7AC0002D56C /* Localhost.xcconfig */ = {isa = PBXFileReference; lastKnownFileType = text.xcconfig; path = Localhost.xcconfig; sourceTree = "<group>"; };
		281A89492E69B7AC0002D56C /* Release.xcconfig */ = {isa = PBXFileReference; lastKnownFileType = text.xcconfig; path = Release.xcconfig; sourceTree = "<group>"; };
		282268002E6F68F400C03174 /* README.md */ = {isa = PBXFileReference; lastKnownFileType = net.daringfireball.markdown; name = README.md; path = ../README.md; sourceTree = SOURCE_ROOT; };
		285E15C02E69BE5600C1B766 /* APIClientMock.swift */ = {isa = PBXFileReference; lastKnownFileType = sourcecode.swift; path = APIClientMock.swift; sourceTree = "<group>"; };
		287B6F862E68ADC1003A419C /* UnitTests.xctestplan */ = {isa = PBXFileReference; lastKnownFileType = text; path = UnitTests.xctestplan; sourceTree = "<group>"; };
		28D8884C2E6788FF00F0B6BE /* App.app */ = {isa = PBXFileReference; explicitFileType = wrapper.application; includeInIndex = 0; path = App.app; sourceTree = BUILT_PRODUCTS_DIR; };
		28DB6A3A2E5E054700F90EA0 /* AppIcon.icon */ = {isa = PBXFileReference; lastKnownFileType = folder.iconcomposer.icon; path = AppIcon.icon; sourceTree = "<group>"; };
		7A034FDF2D9AC93B0059C6F3 /* Launch Screen.storyboard */ = {isa = PBXFileReference; lastKnownFileType = file.storyboard; path = "Launch Screen.storyboard"; sourceTree = "<group>"; };
		7A7E44E22DE85B0C00B3C4C4 /* Feedback Error.app */ = {isa = PBXFileReference; explicitFileType = wrapper.application; includeInIndex = 0; path = "Feedback Error.app"; sourceTree = BUILT_PRODUCTS_DIR; };
		7A9E6BAD2DC4ECEB005F4828 /* Feedback Flow.app */ = {isa = PBXFileReference; explicitFileType = wrapper.application; includeInIndex = 0; path = "Feedback Flow.app"; sourceTree = BUILT_PRODUCTS_DIR; };
		7A9E6BAE2DC4ECEB005F4828 /* Auto_Lint.framework */ = {isa = PBXFileReference; explicitFileType = wrapper.framework; includeInIndex = 0; path = Auto_Lint.framework; sourceTree = BUILT_PRODUCTS_DIR; };
		7A9E6BAF2DC4ECEB005F4828 /* Fetch_OpenApi.framework */ = {isa = PBXFileReference; explicitFileType = wrapper.framework; includeInIndex = 0; path = Fetch_OpenApi.framework; sourceTree = BUILT_PRODUCTS_DIR; };
		7A9E6BB02DC4ECEB005F4828 /* Feedback Mock.app */ = {isa = PBXFileReference; explicitFileType = wrapper.application; includeInIndex = 0; path = "Feedback Mock.app"; sourceTree = BUILT_PRODUCTS_DIR; };
		7A9E6BB32DC51EB7005F4828 /* Entitlements.entitlements */ = {isa = PBXFileReference; lastKnownFileType = text.plist.entitlements; path = Entitlements.entitlements; sourceTree = "<group>"; };
		7AB225402D7B2B89002BEF81 /* AppDelegate.swift */ = {isa = PBXFileReference; lastKnownFileType = sourcecode.swift; path = AppDelegate.swift; sourceTree = "<group>"; };
		7ABEBB622D5F7317002E0FE5 /* Localizable.xcstrings */ = {isa = PBXFileReference; lastKnownFileType = text.json.xcstrings; path = Localizable.xcstrings; sourceTree = "<group>"; };
		7AC03C252D7A4CE6009A06C7 /* DebugMenuView.swift */ = {isa = PBXFileReference; lastKnownFileType = sourcecode.swift; path = DebugMenuView.swift; sourceTree = "<group>"; };
		7AC3C8982DC4EB9600EF8389 /* GoogleService-Info.plist */ = {isa = PBXFileReference; lastKnownFileType = text.plist.xml; path = "GoogleService-Info.plist"; sourceTree = "<group>"; };
		7AC4A9EA2D2FA71D004DF626 /* Modules */ = {isa = PBXFileReference; lastKnownFileType = wrapper; path = Modules; sourceTree = "<group>"; };
		B1057F372843FD8600B9EE2F /* FeedbackApp.swift */ = {isa = PBXFileReference; lastKnownFileType = sourcecode.swift; path = FeedbackApp.swift; sourceTree = "<group>"; };
		B1057F3B2843FD8700B9EE2F /* Assets.xcassets */ = {isa = PBXFileReference; lastKnownFileType = folder.assetcatalog; path = Assets.xcassets; sourceTree = "<group>"; };
		B1057F3E2843FD8700B9EE2F /* Preview Assets.xcassets */ = {isa = PBXFileReference; lastKnownFileType = folder.assetcatalog; path = "Preview Assets.xcassets"; sourceTree = "<group>"; };
/* End PBXFileReference section */

/* Begin PBXFrameworksBuildPhase section */
		2892AA322C0F89C600F12E83 /* Frameworks */ = {
			isa = PBXFrameworksBuildPhase;
			buildActionMask = 2147483647;
			files = (
				285E15CB2E69CA4800C1B766 /* FeedbackFlowFeature in Frameworks */,
				285E15CA2E69CA4800C1B766 /* FeedbackFlow in Frameworks */,
				285E15C52E69C28800C1B766 /* RootFeature in Frameworks */,
			);
			runOnlyForDeploymentPostprocessing = 0;
		};
		28D8883F2E6788FF00F0B6BE /* Frameworks */ = {
			isa = PBXFrameworksBuildPhase;
			buildActionMask = 2147483647;
			files = (
				2843B5232E69A39800274A6F /* InfoPlist in Frameworks */,
				2843B5222E69A39800274A6F /* Implementations in Frameworks */,
				28D888422E6788FF00F0B6BE /* RootFeature in Frameworks */,
			);
			runOnlyForDeploymentPostprocessing = 0;
		};
		7A7E44DF2DE85B0C00B3C4C4 /* Frameworks */ = {
			isa = PBXFrameworksBuildPhase;
			buildActionMask = 2147483647;
			files = (
				285E15C92E69CA4800C1B766 /* AppCore in Frameworks */,
				7ABB22262E17F061006B6865 /* RootFeature in Frameworks */,
			);
			runOnlyForDeploymentPostprocessing = 0;
		};
		7AC3C8692DC4E36800EF8389 /* Frameworks */ = {
			isa = PBXFrameworksBuildPhase;
			buildActionMask = 2147483647;
			files = (
				285E15C82E69CA4800C1B766 /* InfoPlist in Frameworks */,
				285E15C72E69CA4800C1B766 /* Implementations in Frameworks */,
				7A062A3B2E12EE8F000AA1A5 /* RootFeature in Frameworks */,
			);
			runOnlyForDeploymentPostprocessing = 0;
		};
		7AE155D92D26A31100440870 /* Frameworks */ = {
			isa = PBXFrameworksBuildPhase;
			buildActionMask = 2147483647;
			files = (
			);
			runOnlyForDeploymentPostprocessing = 0;
		};
		7AE1561D2D26AD4900440870 /* Frameworks */ = {
			isa = PBXFrameworksBuildPhase;
			buildActionMask = 2147483647;
			files = (
			);
			runOnlyForDeploymentPostprocessing = 0;
		};
/* End PBXFrameworksBuildPhase section */

/* Begin PBXGroup section */
		281A893A2E69B7890002D56C /* Feedback Error */ = {
			isa = PBXGroup;
			children = (
				281A89392E69B7890002D56C /* FeedbackErrorApp.swift */,
			);
			path = "Feedback Error";
			sourceTree = "<group>";
		};
		281A893F2E69B7950002D56C /* Feedback Mock */ = {
			isa = PBXGroup;
			children = (
				281A893E2E69B7950002D56C /* FeedbackMockApp.swift */,
				285E15C02E69BE5600C1B766 /* APIClientMock.swift */,
			);
			path = "Feedback Mock";
			sourceTree = "<group>";
		};
		281A89422E69B7970002D56C /* Feedback Flow */ = {
			isa = PBXGroup;
			children = (
				281A89412E69B7970002D56C /* FeedbackFlowApp.swift */,
			);
			path = "Feedback Flow";
			sourceTree = "<group>";
		};
		281A89452E69B7A90002D56C /* InfoPlist */ = {
			isa = PBXGroup;
			children = (
				281A89442E69B7A90002D56C /* Info.plist */,
			);
			path = InfoPlist;
			sourceTree = "<group>";
		};
		281A894A2E69B7AC0002D56C /* Config */ = {
			isa = PBXGroup;
			children = (
				281A89462E69B7AC0002D56C /* Debug.xcconfig */,
				281A89472E69B7AC0002D56C /* Default.xcconfig */,
				281A89482E69B7AC0002D56C /* Localhost.xcconfig */,
				281A89492E69B7AC0002D56C /* Release.xcconfig */,
			);
			path = Config;
			sourceTree = "<group>";
		};
		7A49F5202DD5EDDB00FF5B86 /* Resources */ = {
			isa = PBXGroup;
			children = (
				28DB6A3A2E5E054700F90EA0 /* AppIcon.icon */,
				B1057F3B2843FD8700B9EE2F /* Assets.xcassets */,
				7ABEBB622D5F7317002E0FE5 /* Localizable.xcstrings */,
				7A034FDF2D9AC93B0059C6F3 /* Launch Screen.storyboard */,
				B1057F3D2843FD8700B9EE2F /* Preview Content */,
			);
			path = Resources;
			sourceTree = "<group>";
		};
		7A924BD42DCAA63C005F9D84 /* Frameworks */ = {
			isa = PBXGroup;
			children = (
			);
			name = Frameworks;
			sourceTree = "<group>";
		};
		7A9E6BCF2DC52183005F4828 /* Preview Apps */ = {
			isa = PBXGroup;
			children = (
				281A893A2E69B7890002D56C /* Feedback Error */,
				281A893F2E69B7950002D56C /* Feedback Mock */,
				281A89422E69B7970002D56C /* Feedback Flow */,
			);
			path = "Preview Apps";
			sourceTree = "<group>";
		};
		B1057F2B2843FD8600B9EE2F = {
			isa = PBXGroup;
			children = (
				282268002E6F68F400C03174 /* README.md */,
				7AC3C8982DC4EB9600EF8389 /* GoogleService-Info.plist */,
				287B6F862E68ADC1003A419C /* UnitTests.xctestplan */,
				7A49F5202DD5EDDB00FF5B86 /* Resources */,
				B1057F362843FD8600B9EE2F /* App */,
				7AC4A9EA2D2FA71D004DF626 /* Modules */,
				7A9E6BCF2DC52183005F4828 /* Preview Apps */,
				7A924BD42DCAA63C005F9D84 /* Frameworks */,
				7A9E6BAD2DC4ECEB005F4828 /* Feedback Flow.app */,
				7A9E6BAE2DC4ECEB005F4828 /* Auto_Lint.framework */,
				7A9E6BAF2DC4ECEB005F4828 /* Fetch_OpenApi.framework */,
				7A9E6BB02DC4ECEB005F4828 /* Feedback Mock.app */,
				7A7E44E22DE85B0C00B3C4C4 /* Feedback Error.app */,
				28D8884C2E6788FF00F0B6BE /* App.app */,
			);
			sourceTree = "<group>";
		};
		B1057F362843FD8600B9EE2F /* App */ = {
			isa = PBXGroup;
			children = (
				B1057F372843FD8600B9EE2F /* FeedbackApp.swift */,
				7AB225402D7B2B89002BEF81 /* AppDelegate.swift */,
				7AC03C252D7A4CE6009A06C7 /* DebugMenuView.swift */,
				7A9E6BB32DC51EB7005F4828 /* Entitlements.entitlements */,
				281A89452E69B7A90002D56C /* InfoPlist */,
				281A894A2E69B7AC0002D56C /* Config */,
			);
			path = App;
			sourceTree = "<group>";
		};
		B1057F3D2843FD8700B9EE2F /* Preview Content */ = {
			isa = PBXGroup;
			children = (
				B1057F3E2843FD8700B9EE2F /* Preview Assets.xcassets */,
			);
			path = "Preview Content";
			sourceTree = "<group>";
		};
/* End PBXGroup section */

/* Begin PBXHeadersBuildPhase section */
		7AE155D72D26A31100440870 /* Headers */ = {
			isa = PBXHeadersBuildPhase;
			buildActionMask = 2147483647;
			files = (
			);
			runOnlyForDeploymentPostprocessing = 0;
		};
		7AE1561B2D26AD4900440870 /* Headers */ = {
			isa = PBXHeadersBuildPhase;
			buildActionMask = 2147483647;
			files = (
			);
			runOnlyForDeploymentPostprocessing = 0;
		};
/* End PBXHeadersBuildPhase section */

/* Begin PBXNativeTarget section */
		2892AA342C0F89C600F12E83 /* Feedback Flow */ = {
			isa = PBXNativeTarget;
			buildConfigurationList = 2892AA442C0F89C700F12E83 /* Build configuration list for PBXNativeTarget "Feedback Flow" */;
			buildPhases = (
				2892AA312C0F89C600F12E83 /* Sources */,
				2892AA322C0F89C600F12E83 /* Frameworks */,
				2892AA332C0F89C600F12E83 /* Resources */,
			);
			buildRules = (
			);
			dependencies = (
			);
			name = "Feedback Flow";
			packageProductDependencies = (
				285F02882C12328F00AE8942 /* FeedbackFlow */,
				7A7D2D852E13D184008B31F0 /* FeedbackFlowFeature */,
				285E15C42E69C28800C1B766 /* RootFeature */,
			);
			productName = FeedbackFlow;
			productReference = 7A9E6BAD2DC4ECEB005F4828 /* Feedback Flow.app */;
			productType = "com.apple.product-type.application";
		};
		28D888392E6788FF00F0B6BE /* App */ = {
			isa = PBXNativeTarget;
			buildConfigurationList = 28D888482E6788FF00F0B6BE /* Build configuration list for PBXNativeTarget "App" */;
			buildPhases = (
				28D8883D2E6788FF00F0B6BE /* Sources */,
				28D8883F2E6788FF00F0B6BE /* Frameworks */,
				28D888432E6788FF00F0B6BE /* Resources */,
				285E15B42E69BAAE00C1B766 /* Firebase Crashlytics */,
				285E15B52E69BB5F00C1B766 /* SwiftLint Warnings */,
			);
			buildRules = (
			);
			dependencies = (
			);
			name = App;
			packageProductDependencies = (
				28D8883A2E6788FF00F0B6BE /* Implementations */,
				28D8883B2E6788FF00F0B6BE /* InfoPlist */,
				28D8883C2E6788FF00F0B6BE /* RootFeature */,
			);
			productName = FeedbackMock;
			productReference = 28D8884C2E6788FF00F0B6BE /* App.app */;
			productType = "com.apple.product-type.application";
		};
		7A7E44E12DE85B0C00B3C4C4 /* Feedback Error */ = {
			isa = PBXNativeTarget;
			buildConfigurationList = 7A7E44EA2DE85B1400B3C4C4 /* Build configuration list for PBXNativeTarget "Feedback Error" */;
			buildPhases = (
				7A7E44DE2DE85B0C00B3C4C4 /* Sources */,
				7A7E44DF2DE85B0C00B3C4C4 /* Frameworks */,
				7A7E44E02DE85B0C00B3C4C4 /* Resources */,
			);
			buildRules = (
			);
			dependencies = (
			);
			name = "Feedback Error";
			packageProductDependencies = (
				7A7E44EE2DE85B4800B3C4C4 /* AppCore */,
				7ABB22252E17F061006B6865 /* RootFeature */,
			);
			productName = FeedbackError;
			productReference = 7A7E44E22DE85B0C00B3C4C4 /* Feedback Error.app */;
			productType = "com.apple.product-type.application";
		};
		7AC3C86B2DC4E36800EF8389 /* Feedback Mock */ = {
			isa = PBXNativeTarget;
			buildConfigurationList = 7AC3C8782DC4E36B00EF8389 /* Build configuration list for PBXNativeTarget "Feedback Mock" */;
			buildPhases = (
				7AC3C8682DC4E36800EF8389 /* Sources */,
				7AC3C8692DC4E36800EF8389 /* Frameworks */,
				7AC3C86A2DC4E36800EF8389 /* Resources */,
			);
			buildRules = (
			);
			dependencies = (
			);
			name = "Feedback Mock";
			packageProductDependencies = (
				7A49F5562DD9FE8500FF5B86 /* Implementations */,
				7A49F5582DDA0ED700FF5B86 /* InfoPlist */,
				7A062A3A2E12EE8F000AA1A5 /* RootFeature */,
			);
			productName = FeedbackMock;
			productReference = 7A9E6BB02DC4ECEB005F4828 /* Feedback Mock.app */;
			productType = "com.apple.product-type.application";
		};
		7AE155DB2D26A31100440870 /* Auto Lint */ = {
			isa = PBXNativeTarget;
			buildConfigurationList = 7AE155E72D26A31200440870 /* Build configuration list for PBXNativeTarget "Auto Lint" */;
			buildPhases = (
				7AE155D72D26A31100440870 /* Headers */,
				7AE155D82D26A31100440870 /* Sources */,
				7AE155D92D26A31100440870 /* Frameworks */,
				7AE155DA2D26A31100440870 /* Resources */,
				7AE156042D26A39300440870 /* Lint */,
			);
			buildRules = (
			);
			dependencies = (
			);
			name = "Auto Lint";
			packageProductDependencies = (
			);
			productName = Lint;
			productReference = 7A9E6BAE2DC4ECEB005F4828 /* Auto_Lint.framework */;
			productType = "com.apple.product-type.framework";
		};
		7AE1561F2D26AD4900440870 /* Fetch OpenApi */ = {
			isa = PBXNativeTarget;
			buildConfigurationList = 7AE1562B2D26AD4900440870 /* Build configuration list for PBXNativeTarget "Fetch OpenApi" */;
			buildPhases = (
				7AE1561B2D26AD4900440870 /* Headers */,
				7AE1561C2D26AD4900440870 /* Sources */,
				7AE1561D2D26AD4900440870 /* Frameworks */,
				7AE1561E2D26AD4900440870 /* Resources */,
				7AE156302D26AD5200440870 /* Fetch Open Api from localhost and copy to APIClient yaml */,
			);
			buildRules = (
			);
			dependencies = (
			);
			name = "Fetch OpenApi";
			packageProductDependencies = (
			);
			productName = OpenApi;
			productReference = 7A9E6BAF2DC4ECEB005F4828 /* Fetch_OpenApi.framework */;
			productType = "com.apple.product-type.framework";
		};
/* End PBXNativeTarget section */

/* Begin PBXProject section */
		B1057F2C2843FD8600B9EE2F /* Project object */ = {
			isa = PBXProject;
			attributes = {
				BuildIndependentTargetsInParallel = 1;
				LastSwiftUpdateCheck = 1630;
				LastUpgradeCheck = 2600;
				TargetAttributes = {
					2892AA342C0F89C600F12E83 = {
						CreatedOnToolsVersion = 15.4;
					};
					7A7E44E12DE85B0C00B3C4C4 = {
						CreatedOnToolsVersion = 16.3;
					};
					7AC3C86B2DC4E36800EF8389 = {
						CreatedOnToolsVersion = 16.3;
					};
					7AE155DB2D26A31100440870 = {
						CreatedOnToolsVersion = 16.1;
					};
					7AE1561F2D26AD4900440870 = {
						CreatedOnToolsVersion = 16.1;
					};
				};
			};
			buildConfigurationList = B1057F2F2843FD8600B9EE2F /* Build configuration list for PBXProject "Feedback" */;
			compatibilityVersion = "Xcode 13.0";
			developmentRegion = en;
			hasScannedForEncodings = 0;
			knownRegions = (
				en,
				Base,
			);
			mainGroup = B1057F2B2843FD8600B9EE2F;
			packageReferences = (
			);
			productRefGroup = B1057F2B2843FD8600B9EE2F;
			projectDirPath = "";
			projectRoot = "";
			targets = (
				28D888392E6788FF00F0B6BE /* App */,
				7AC3C86B2DC4E36800EF8389 /* Feedback Mock */,
				7A7E44E12DE85B0C00B3C4C4 /* Feedback Error */,
				2892AA342C0F89C600F12E83 /* Feedback Flow */,
				7AE155DB2D26A31100440870 /* Auto Lint */,
				7AE1561F2D26AD4900440870 /* Fetch OpenApi */,
			);
		};
/* End PBXProject section */

/* Begin PBXResourcesBuildPhase section */
		2892AA332C0F89C600F12E83 /* Resources */ = {
			isa = PBXResourcesBuildPhase;
			buildActionMask = 2147483647;
			files = (
				285E15C32E69BEF500C1B766 /* AppIcon.icon in Resources */,
				7A49F52A2DD5F99200FF5B86 /* Launch Screen.storyboard in Resources */,
				7A49F5292DD5F99200FF5B86 /* Localizable.xcstrings in Resources */,
				7A49F5282DD5F99200FF5B86 /* Preview Assets.xcassets in Resources */,
				7A49F5272DD5F97D00FF5B86 /* Assets.xcassets in Resources */,
			);
			runOnlyForDeploymentPostprocessing = 0;
		};
		28D888432E6788FF00F0B6BE /* Resources */ = {
			isa = PBXResourcesBuildPhase;
			buildActionMask = 2147483647;
			files = (
				281A892A2E69AAA30002D56C /* GoogleService-Info.plist in Resources */,
				28D888512E67897800F0B6BE /* AppIcon.icon in Resources */,
				28D888442E6788FF00F0B6BE /* Launch Screen.storyboard in Resources */,
				28D888452E6788FF00F0B6BE /* Localizable.xcstrings in Resources */,
				28D888462E6788FF00F0B6BE /* Preview Assets.xcassets in Resources */,
				28D888472E6788FF00F0B6BE /* Assets.xcassets in Resources */,
			);
			runOnlyForDeploymentPostprocessing = 0;
		};
		7A7E44E02DE85B0C00B3C4C4 /* Resources */ = {
			isa = PBXResourcesBuildPhase;
			buildActionMask = 2147483647;
			files = (
				285E15C62E69C93000C1B766 /* AppIcon.icon in Resources */,
			);
			runOnlyForDeploymentPostprocessing = 0;
		};
		7AC3C86A2DC4E36800EF8389 /* Resources */ = {
			isa = PBXResourcesBuildPhase;
			buildActionMask = 2147483647;
			files = (
				28D888602E678B9200F0B6BE /* AppIcon.icon in Resources */,
				7A49F5262DD5F96F00FF5B86 /* Launch Screen.storyboard in Resources */,
				7A49F5252DD5F96C00FF5B86 /* Localizable.xcstrings in Resources */,
				7A49F5242DD5F96500FF5B86 /* Preview Assets.xcassets in Resources */,
				7A49F5232DD5F96000FF5B86 /* Assets.xcassets in Resources */,
			);
			runOnlyForDeploymentPostprocessing = 0;
		};
		7AE155DA2D26A31100440870 /* Resources */ = {
			isa = PBXResourcesBuildPhase;
			buildActionMask = 2147483647;
			files = (
			);
			runOnlyForDeploymentPostprocessing = 0;
		};
		7AE1561E2D26AD4900440870 /* Resources */ = {
			isa = PBXResourcesBuildPhase;
			buildActionMask = 2147483647;
			files = (
			);
			runOnlyForDeploymentPostprocessing = 0;
		};
/* End PBXResourcesBuildPhase section */

/* Begin PBXShellScriptBuildPhase section */
		285E15B42E69BAAE00C1B766 /* Firebase Crashlytics */ = {
			isa = PBXShellScriptBuildPhase;
			alwaysOutOfDate = 1;
			buildActionMask = 2147483647;
			files = (
			);
			inputFileListPaths = (
			);
			inputPaths = (
				"${DWARF_DSYM_FOLDER_PATH}/${DWARF_DSYM_FILE_NAME}",
				"${DWARF_DSYM_FOLDER_PATH}/${DWARF_DSYM_FILE_NAME}/Contents/Resources/DWARF/${PRODUCT_NAME}",
				"${DWARF_DSYM_FOLDER_PATH}/${DWARF_DSYM_FILE_NAME}/Contents/Info.plist",
				"$(TARGET_BUILD_DIR)/$(UNLOCALIZED_RESOURCES_FOLDER_PATH)/GoogleService-Info.plist",
				"$(TARGET_BUILD_DIR)/$(EXECUTABLE_PATH)",
			);
			name = "Firebase Crashlytics";
			outputFileListPaths = (
			);
			outputPaths = (
			);
			runOnlyForDeploymentPostprocessing = 0;
			shellPath = /bin/sh;
			shellScript = "\"${BUILD_DIR%/Build/*}/SourcePackages/checkouts/firebase-ios-sdk/Crashlytics/run\"\n";
		};
		285E15B52E69BB5F00C1B766 /* SwiftLint Warnings */ = {
			isa = PBXShellScriptBuildPhase;
			alwaysOutOfDate = 1;
			buildActionMask = 2147483647;
			files = (
			);
			inputFileListPaths = (
			);
			inputPaths = (
			);
			name = "SwiftLint Warnings";
			outputFileListPaths = (
			);
			outputPaths = (
			);
			runOnlyForDeploymentPostprocessing = 0;
			shellPath = /bin/sh;
			shellScript = "# Adds support for Apple Silicon brew directory\nexport PATH=\"$PATH:/opt/homebrew/bin\"\nif which swiftlint >/dev/null; then\n  swiftlint lint --reporter xcode\nelse\n  echo \"warning: SwiftLint not installed, download from https://github.com/realm/SwiftLint\"\nfi\n";
		};
		7AE156042D26A39300440870 /* Lint */ = {
			isa = PBXShellScriptBuildPhase;
			alwaysOutOfDate = 1;
			buildActionMask = 2147483647;
			files = (
			);
			inputFileListPaths = (
			);
			inputPaths = (
			);
			name = Lint;
			outputFileListPaths = (
			);
			outputPaths = (
			);
			runOnlyForDeploymentPostprocessing = 0;
			shellPath = /bin/sh;
			shellScript = "# Adds support for Apple Silicon brew directory\nexport PATH=\"$PATH:/opt/homebrew/bin\"\nif which swiftlint >/dev/null; then\n  swiftlint lint --fix\n  swiftlint lint --reporter xcode\nelse\n  echo \"warning: SwiftLint not installed, download from https://github.com/realm/SwiftLint\"\nfi\n\n\n";
		};
		7AE156302D26AD5200440870 /* Fetch Open Api from localhost and copy to APIClient yaml */ = {
			isa = PBXShellScriptBuildPhase;
			buildActionMask = 2147483647;
			files = (
			);
			inputFileListPaths = (
			);
			inputPaths = (
			);
			name = "Fetch Open Api from localhost and copy to APIClient yaml";
			outputFileListPaths = (
			);
			outputPaths = (
			);
			runOnlyForDeploymentPostprocessing = 0;
			shellPath = /bin/sh;
			shellScript = "# Type a script or drag a script file from your workspace to insert its path.\nOPEN_API_PATH=\"$SRCROOT/Modules/Sources/OpenAPI/openapi.yaml\"\nOPENAPI_URL=\"https://api.letsgrow.dk/v3/api-docs.yaml\"\n\n# Fetch the OpenAPI YAML from the provided URL\ncurl -s $OPENAPI_URL -o /tmp/openapi.yaml\n\n# Check if the download was successful\nif [ $? -ne 0 ]; then\n    echo \"Failed to download the OpenAPI YAML file.\"\n    exit 0  # Continue the build without failing\nfi\n\n# Replace the existing YAML file only if the download was successful\nif [ -f /tmp/openapi.yaml ]; then\n    cp /tmp/openapi.yaml $OPEN_API_PATH\n    echo \"openapi.yaml updated successfully.\"\nelse\n    echo \"Temporary openapi.yaml file not found. Keeping the old version.\"\nfi\n";
		};
/* End PBXShellScriptBuildPhase section */

/* Begin PBXSourcesBuildPhase section */
		2892AA312C0F89C600F12E83 /* Sources */ = {
			isa = PBXSourcesBuildPhase;
			buildActionMask = 2147483647;
			files = (
				285E15C22E69BEC100C1B766 /* APIClientMock.swift in Sources */,
				281A89432E69B7970002D56C /* FeedbackFlowApp.swift in Sources */,
			);
			runOnlyForDeploymentPostprocessing = 0;
		};
		28D8883D2E6788FF00F0B6BE /* Sources */ = {
			isa = PBXSourcesBuildPhase;
			buildActionMask = 2147483647;
			files = (
				287B6F8A2E698B55003A419C /* AppDelegate.swift in Sources */,
				287B6F8B2E698B55003A419C /* FeedbackApp.swift in Sources */,
				287B6F8C2E698B55003A419C /* DebugMenuView.swift in Sources */,
			);
			runOnlyForDeploymentPostprocessing = 0;
		};
		7A7E44DE2DE85B0C00B3C4C4 /* Sources */ = {
			isa = PBXSourcesBuildPhase;
			buildActionMask = 2147483647;
			files = (
				281A893D2E69B7890002D56C /* FeedbackErrorApp.swift in Sources */,
			);
			runOnlyForDeploymentPostprocessing = 0;
		};
		7AC3C8682DC4E36800EF8389 /* Sources */ = {
			isa = PBXSourcesBuildPhase;
			buildActionMask = 2147483647;
			files = (
				281A89402E69B7950002D56C /* FeedbackMockApp.swift in Sources */,
				285E15C12E69BE5600C1B766 /* APIClientMock.swift in Sources */,
			);
			runOnlyForDeploymentPostprocessing = 0;
		};
		7AE155D82D26A31100440870 /* Sources */ = {
			isa = PBXSourcesBuildPhase;
			buildActionMask = 2147483647;
			files = (
			);
			runOnlyForDeploymentPostprocessing = 0;
		};
		7AE1561C2D26AD4900440870 /* Sources */ = {
			isa = PBXSourcesBuildPhase;
			buildActionMask = 2147483647;
			files = (
			);
			runOnlyForDeploymentPostprocessing = 0;
		};
/* End PBXSourcesBuildPhase section */

/* Begin XCBuildConfiguration section */
		2867BED7299AC324001A11DD /* Debug */ = {
			isa = XCBuildConfiguration;
			baseConfigurationReference = 281A89462E69B7AC0002D56C /* Debug.xcconfig */;
			buildSettings = {
				ALWAYS_SEARCH_USER_PATHS = NO;
				ASSETCATALOG_COMPILER_GENERATE_SWIFT_ASSET_SYMBOL_EXTENSIONS = YES;
				CLANG_ANALYZER_NONNULL = YES;
				CLANG_ANALYZER_NUMBER_OBJECT_CONVERSION = YES_AGGRESSIVE;
				CLANG_CXX_LANGUAGE_STANDARD = "gnu++17";
				CLANG_ENABLE_MODULES = YES;
				CLANG_ENABLE_OBJC_ARC = YES;
				CLANG_ENABLE_OBJC_WEAK = YES;
				CLANG_WARN_BLOCK_CAPTURE_AUTORELEASING = YES;
				CLANG_WARN_BOOL_CONVERSION = YES;
				CLANG_WARN_COMMA = YES;
				CLANG_WARN_CONSTANT_CONVERSION = YES;
				CLANG_WARN_DEPRECATED_OBJC_IMPLEMENTATIONS = YES;
				CLANG_WARN_DIRECT_OBJC_ISA_USAGE = YES_ERROR;
				CLANG_WARN_DOCUMENTATION_COMMENTS = YES;
				CLANG_WARN_EMPTY_BODY = YES;
				CLANG_WARN_ENUM_CONVERSION = YES;
				CLANG_WARN_INFINITE_RECURSION = YES;
				CLANG_WARN_INT_CONVERSION = YES;
				CLANG_WARN_NON_LITERAL_NULL_CONVERSION = YES;
				CLANG_WARN_OBJC_IMPLICIT_RETAIN_SELF = YES;
				CLANG_WARN_OBJC_LITERAL_CONVERSION = YES;
				CLANG_WARN_OBJC_ROOT_CLASS = YES_ERROR;
				CLANG_WARN_QUOTED_INCLUDE_IN_FRAMEWORK_HEADER = YES;
				CLANG_WARN_RANGE_LOOP_ANALYSIS = YES;
				CLANG_WARN_STRICT_PROTOTYPES = YES;
				CLANG_WARN_SUSPICIOUS_MOVE = YES;
				CLANG_WARN_UNGUARDED_AVAILABILITY = YES_AGGRESSIVE;
				CLANG_WARN_UNREACHABLE_CODE = YES;
				CLANG_WARN__DUPLICATE_METHOD_MATCH = YES;
				COMPILER_FLAG = debug;
				COPY_PHASE_STRIP = NO;
				DEBUG_INFORMATION_FORMAT = "dwarf-with-dsym";
				DEVELOPMENT_ASSET_PATHS = "";
				DEVELOPMENT_TEAM = 8B9KRX6NBR;
				ENABLE_STRICT_OBJC_MSGSEND = YES;
				ENABLE_TESTABILITY = YES;
				GCC_C_LANGUAGE_STANDARD = gnu11;
				GCC_DYNAMIC_NO_PIC = NO;
				GCC_NO_COMMON_BLOCKS = YES;
				GCC_OPTIMIZATION_LEVEL = 0;
				GCC_PREPROCESSOR_DEFINITIONS = (
					"DEBUG=1",
					"$(inherited)",
				);
				GCC_WARN_64_TO_32_BIT_CONVERSION = YES;
				GCC_WARN_ABOUT_RETURN_TYPE = YES_ERROR;
				GCC_WARN_UNDECLARED_SELECTOR = YES;
				GCC_WARN_UNINITIALIZED_AUTOS = YES_AGGRESSIVE;
				GCC_WARN_UNUSED_FUNCTION = YES;
				GCC_WARN_UNUSED_VARIABLE = YES;
				IPHONEOS_DEPLOYMENT_TARGET = 16.6;
				MTL_ENABLE_DEBUG_INFO = INCLUDE_SOURCE;
				MTL_FAST_MATH = YES;
				ONLY_ACTIVE_ARCH = YES;
				PRODUCT_NAME = "Lets Grow";
				SDKROOT = iphoneos;
				STRING_CATALOG_GENERATE_SYMBOLS = YES;
				SWIFT_ACTIVE_COMPILATION_CONDITIONS = DEBUG;
				SWIFT_APPROACHABLE_CONCURRENCY = YES;
				SWIFT_DEFAULT_ACTOR_ISOLATION = MainActor;
				SWIFT_EMIT_LOC_STRINGS = YES;
				SWIFT_OPTIMIZATION_LEVEL = "-Onone";
				SWIFT_STRICT_CONCURRENCY = complete;
				SWIFT_VERSION = 6.0;
			};
			name = Debug;
		};
		2892AA412C0F89C700F12E83 /* Debug */ = {
			isa = XCBuildConfiguration;
			buildSettings = {
				ASSETCATALOG_COMPILER_APPICON_NAME = AppIcon;
				ASSETCATALOG_COMPILER_GENERATE_SWIFT_ASSET_SYMBOL_EXTENSIONS = YES;
				ASSETCATALOG_COMPILER_GLOBAL_ACCENT_COLOR_NAME = AccentColor;
				CLANG_CXX_LANGUAGE_STANDARD = "gnu++20";
				CODE_SIGN_STYLE = Automatic;
				CURRENT_PROJECT_VERSION = 1;
				DEBUG_INFORMATION_FORMAT = dwarf;
				DEVELOPMENT_ASSET_PATHS = "\"Resources/Preview Content\"";
				ENABLE_PREVIEWS = YES;
				ENABLE_USER_SCRIPT_SANDBOXING = YES;
				GCC_C_LANGUAGE_STANDARD = gnu17;
				GENERATE_INFOPLIST_FILE = YES;
				INFOPLIST_FILE = App/InfoPlist/Info.plist;
				INFOPLIST_KEY_UIApplicationSceneManifest_Generation = YES;
				INFOPLIST_KEY_UIApplicationSupportsIndirectInputEvents = YES;
				INFOPLIST_KEY_UILaunchScreen_Generation = YES;
				INFOPLIST_KEY_UISupportedInterfaceOrientations_iPad = "UIInterfaceOrientationPortrait UIInterfaceOrientationPortraitUpsideDown UIInterfaceOrientationLandscapeLeft UIInterfaceOrientationLandscapeRight";
				INFOPLIST_KEY_UISupportedInterfaceOrientations_iPhone = "UIInterfaceOrientationPortrait UIInterfaceOrientationLandscapeLeft UIInterfaceOrientationLandscapeRight";
				IPHONEOS_DEPLOYMENT_TARGET = 26.0;
				LD_RUNPATH_SEARCH_PATHS = (
					"$(inherited)",
					"@executable_path/Frameworks",
				);
				LOCALIZATION_PREFERS_STRING_CATALOGS = YES;
				MARKETING_VERSION = 1.0;
				PRODUCT_BUNDLE_IDENTIFIER = dk.nicolai.FeedbackFlow;
				PRODUCT_NAME = "$(TARGET_NAME)";
				SWIFT_ACTIVE_COMPILATION_CONDITIONS = "DEBUG $(inherited)";
				SWIFT_DEFAULT_ACTOR_ISOLATION = MainActor;
				SWIFT_EMIT_LOC_STRINGS = YES;
				SWIFT_VERSION = 6.0;
				TARGETED_DEVICE_FAMILY = "1,2";
			};
			name = Debug;
		};
		2892AA422C0F89C700F12E83 /* Release */ = {
			isa = XCBuildConfiguration;
			buildSettings = {
				ASSETCATALOG_COMPILER_APPICON_NAME = AppIcon;
				ASSETCATALOG_COMPILER_GENERATE_SWIFT_ASSET_SYMBOL_EXTENSIONS = YES;
				ASSETCATALOG_COMPILER_GLOBAL_ACCENT_COLOR_NAME = AccentColor;
				CLANG_CXX_LANGUAGE_STANDARD = "gnu++20";
				CODE_SIGN_STYLE = Automatic;
				CURRENT_PROJECT_VERSION = 1;
				DEVELOPMENT_ASSET_PATHS = "\"Resources/Preview Content\"";
				ENABLE_PREVIEWS = YES;
				ENABLE_USER_SCRIPT_SANDBOXING = YES;
				GCC_C_LANGUAGE_STANDARD = gnu17;
				GENERATE_INFOPLIST_FILE = YES;
				INFOPLIST_FILE = App/InfoPlist/Info.plist;
				INFOPLIST_KEY_UIApplicationSceneManifest_Generation = YES;
				INFOPLIST_KEY_UIApplicationSupportsIndirectInputEvents = YES;
				INFOPLIST_KEY_UILaunchScreen_Generation = YES;
				INFOPLIST_KEY_UISupportedInterfaceOrientations_iPad = "UIInterfaceOrientationPortrait UIInterfaceOrientationPortraitUpsideDown UIInterfaceOrientationLandscapeLeft UIInterfaceOrientationLandscapeRight";
				INFOPLIST_KEY_UISupportedInterfaceOrientations_iPhone = "UIInterfaceOrientationPortrait UIInterfaceOrientationLandscapeLeft UIInterfaceOrientationLandscapeRight";
				IPHONEOS_DEPLOYMENT_TARGET = 26.0;
				LD_RUNPATH_SEARCH_PATHS = (
					"$(inherited)",
					"@executable_path/Frameworks",
				);
				LOCALIZATION_PREFERS_STRING_CATALOGS = YES;
				MARKETING_VERSION = 1.0;
				PRODUCT_BUNDLE_IDENTIFIER = dk.nicolai.FeedbackFlow;
				PRODUCT_NAME = "$(TARGET_NAME)";
				SWIFT_DEFAULT_ACTOR_ISOLATION = MainActor;
				SWIFT_EMIT_LOC_STRINGS = YES;
				SWIFT_VERSION = 6.0;
				TARGETED_DEVICE_FAMILY = "1,2";
			};
			name = Release;
		};
		28D888492E6788FF00F0B6BE /* Debug */ = {
			isa = XCBuildConfiguration;
			buildSettings = {
				ASSETCATALOG_COMPILER_APPICON_NAME = AppIcon;
				ASSETCATALOG_COMPILER_GENERATE_SWIFT_ASSET_SYMBOL_EXTENSIONS = YES;
				ASSETCATALOG_COMPILER_GLOBAL_ACCENT_COLOR_NAME = AccentColor;
				ASSETCATALOG_COMPILER_INCLUDE_ALL_APPICON_ASSETS = YES;
				CLANG_CXX_LANGUAGE_STANDARD = "gnu++20";
				CODE_SIGN_ENTITLEMENTS = App/Entitlements.entitlements;
				CODE_SIGN_STYLE = Automatic;
				CURRENT_PROJECT_VERSION = 1;
				DEBUG_INFORMATION_FORMAT = dwarf;
				DEVELOPMENT_ASSET_PATHS = "\"Resources/Preview Content\"";
				DEVELOPMENT_TEAM = 8B9KRX6NBR;
				ENABLE_PREVIEWS = YES;
				ENABLE_USER_SCRIPT_SANDBOXING = YES;
				GCC_C_LANGUAGE_STANDARD = gnu17;
				GENERATE_INFOPLIST_FILE = YES;
				INFOPLIST_FILE = App/InfoPlist/Info.plist;
				INFOPLIST_KEY_CFBundleDisplayName = "Lets Grow";
				INFOPLIST_KEY_ITSAppUsesNonExemptEncryption = NO;
				INFOPLIST_KEY_LSApplicationCategoryType = "public.app-category.productivity";
				INFOPLIST_KEY_UIApplicationSceneManifest_Generation = YES;
				INFOPLIST_KEY_UIApplicationSupportsIndirectInputEvents = YES;
				INFOPLIST_KEY_UILaunchScreen_Generation = YES;
				INFOPLIST_KEY_UISupportedInterfaceOrientations = UIInterfaceOrientationPortrait;
				IPHONEOS_DEPLOYMENT_TARGET = 26.0;
				LD_RUNPATH_SEARCH_PATHS = (
					"$(inherited)",
					"@executable_path/Frameworks",
				);
				LOCALIZATION_PREFERS_STRING_CATALOGS = YES;
				MARKETING_VERSION = 1.0.0;
				PRODUCT_BUNDLE_IDENTIFIER = dk.nicolaidam.letsgrow;
				PRODUCT_NAME = "$(TARGET_NAME)";
				SUPPORTED_PLATFORMS = "iphoneos iphonesimulator";
				SUPPORTS_MACCATALYST = NO;
				SWIFT_ACTIVE_COMPILATION_CONDITIONS = "DEBUG $(inherited)";
				SWIFT_APPROACHABLE_CONCURRENCY = YES;
				SWIFT_DEFAULT_ACTOR_ISOLATION = MainActor;
				SWIFT_EMIT_LOC_STRINGS = YES;
				SWIFT_STRICT_CONCURRENCY = complete;
				SWIFT_VERSION = 6.0;
				TARGETED_DEVICE_FAMILY = 1;
			};
			name = Debug;
		};
		28D8884A2E6788FF00F0B6BE /* Localhost */ = {
			isa = XCBuildConfiguration;
			buildSettings = {
				ASSETCATALOG_COMPILER_APPICON_NAME = AppIcon;
				ASSETCATALOG_COMPILER_GENERATE_SWIFT_ASSET_SYMBOL_EXTENSIONS = YES;
				ASSETCATALOG_COMPILER_GLOBAL_ACCENT_COLOR_NAME = AccentColor;
				ASSETCATALOG_COMPILER_INCLUDE_ALL_APPICON_ASSETS = YES;
				CLANG_CXX_LANGUAGE_STANDARD = "gnu++20";
				CODE_SIGN_ENTITLEMENTS = App/Entitlements.entitlements;
				CODE_SIGN_STYLE = Automatic;
				CURRENT_PROJECT_VERSION = 1;
				DEBUG_INFORMATION_FORMAT = dwarf;
				DEVELOPMENT_ASSET_PATHS = "\"Resources/Preview Content\"";
				DEVELOPMENT_TEAM = 8B9KRX6NBR;
				ENABLE_PREVIEWS = YES;
				ENABLE_USER_SCRIPT_SANDBOXING = YES;
				GCC_C_LANGUAGE_STANDARD = gnu17;
				GENERATE_INFOPLIST_FILE = YES;
				INFOPLIST_FILE = App/InfoPlist/Info.plist;
				INFOPLIST_KEY_CFBundleDisplayName = "Lets Grow";
				INFOPLIST_KEY_ITSAppUsesNonExemptEncryption = NO;
				INFOPLIST_KEY_LSApplicationCategoryType = "public.app-category.productivity";
				INFOPLIST_KEY_UIApplicationSceneManifest_Generation = YES;
				INFOPLIST_KEY_UIApplicationSupportsIndirectInputEvents = YES;
				INFOPLIST_KEY_UILaunchScreen_Generation = YES;
				INFOPLIST_KEY_UISupportedInterfaceOrientations = UIInterfaceOrientationPortrait;
				IPHONEOS_DEPLOYMENT_TARGET = 26.0;
				LD_RUNPATH_SEARCH_PATHS = (
					"$(inherited)",
					"@executable_path/Frameworks",
				);
				LOCALIZATION_PREFERS_STRING_CATALOGS = YES;
				MARKETING_VERSION = 1.0.0;
				PRODUCT_BUNDLE_IDENTIFIER = dk.nicolaidam.letsgrow;
				PRODUCT_NAME = "$(TARGET_NAME)";
				SUPPORTED_PLATFORMS = "iphoneos iphonesimulator";
				SUPPORTS_MACCATALYST = NO;
				SWIFT_ACTIVE_COMPILATION_CONDITIONS = "DEBUG $(inherited)";
				SWIFT_APPROACHABLE_CONCURRENCY = YES;
				SWIFT_DEFAULT_ACTOR_ISOLATION = MainActor;
				SWIFT_EMIT_LOC_STRINGS = YES;
				SWIFT_STRICT_CONCURRENCY = complete;
				SWIFT_VERSION = 6.0;
				TARGETED_DEVICE_FAMILY = 1;
			};
			name = Localhost;
		};
		28D8884B2E6788FF00F0B6BE /* Release */ = {
			isa = XCBuildConfiguration;
			buildSettings = {
				ASSETCATALOG_COMPILER_APPICON_NAME = AppIcon;
				ASSETCATALOG_COMPILER_GENERATE_SWIFT_ASSET_SYMBOL_EXTENSIONS = YES;
				ASSETCATALOG_COMPILER_GLOBAL_ACCENT_COLOR_NAME = AccentColor;
				ASSETCATALOG_COMPILER_INCLUDE_ALL_APPICON_ASSETS = YES;
				CLANG_CXX_LANGUAGE_STANDARD = "gnu++20";
				CODE_SIGN_ENTITLEMENTS = App/Entitlements.entitlements;
				CODE_SIGN_STYLE = Automatic;
				CURRENT_PROJECT_VERSION = 1;
				DEVELOPMENT_ASSET_PATHS = "\"Resources/Preview Content\"";
				DEVELOPMENT_TEAM = 8B9KRX6NBR;
				ENABLE_PREVIEWS = YES;
				ENABLE_USER_SCRIPT_SANDBOXING = YES;
				GCC_C_LANGUAGE_STANDARD = gnu17;
				GENERATE_INFOPLIST_FILE = YES;
				INFOPLIST_FILE = App/InfoPlist/Info.plist;
				INFOPLIST_KEY_CFBundleDisplayName = "Lets Grow";
				INFOPLIST_KEY_ITSAppUsesNonExemptEncryption = NO;
				INFOPLIST_KEY_LSApplicationCategoryType = "public.app-category.productivity";
				INFOPLIST_KEY_UIApplicationSceneManifest_Generation = YES;
				INFOPLIST_KEY_UIApplicationSupportsIndirectInputEvents = YES;
				INFOPLIST_KEY_UILaunchScreen_Generation = YES;
				INFOPLIST_KEY_UISupportedInterfaceOrientations = UIInterfaceOrientationPortrait;
				IPHONEOS_DEPLOYMENT_TARGET = 26.0;
				LD_RUNPATH_SEARCH_PATHS = (
					"$(inherited)",
					"@executable_path/Frameworks",
				);
				LOCALIZATION_PREFERS_STRING_CATALOGS = YES;
				MARKETING_VERSION = 1.0.0;
				PRODUCT_BUNDLE_IDENTIFIER = dk.nicolaidam.letsgrow;
				PRODUCT_NAME = "$(TARGET_NAME)";
				SUPPORTED_PLATFORMS = "iphoneos iphonesimulator";
				SUPPORTS_MACCATALYST = NO;
				SWIFT_APPROACHABLE_CONCURRENCY = YES;
				SWIFT_DEFAULT_ACTOR_ISOLATION = MainActor;
				SWIFT_EMIT_LOC_STRINGS = YES;
				SWIFT_STRICT_CONCURRENCY = complete;
				SWIFT_VERSION = 6.0;
				TARGETED_DEVICE_FAMILY = 1;
			};
			name = Release;
		};
		7A7E44EB2DE85B1400B3C4C4 /* Debug */ = {
			isa = XCBuildConfiguration;
			buildSettings = {
				ASSETCATALOG_COMPILER_APPICON_NAME = AppIcon;
				ASSETCATALOG_COMPILER_GENERATE_SWIFT_ASSET_SYMBOL_EXTENSIONS = YES;
				ASSETCATALOG_COMPILER_GLOBAL_ACCENT_COLOR_NAME = AccentColor;
				CLANG_CXX_LANGUAGE_STANDARD = "gnu++20";
				CODE_SIGN_STYLE = Automatic;
				CURRENT_PROJECT_VERSION = 1;
				DEBUG_INFORMATION_FORMAT = dwarf;
				DEVELOPMENT_TEAM = 8B9KRX6NBR;
				ENABLE_PREVIEWS = YES;
				ENABLE_USER_SCRIPT_SANDBOXING = YES;
				GCC_C_LANGUAGE_STANDARD = gnu17;
				GENERATE_INFOPLIST_FILE = YES;
				INFOPLIST_FILE = App/InfoPlist/Info.plist;
				INFOPLIST_KEY_UIApplicationSceneManifest_Generation = YES;
				INFOPLIST_KEY_UIApplicationSupportsIndirectInputEvents = YES;
				INFOPLIST_KEY_UILaunchScreen_Generation = YES;
				INFOPLIST_KEY_UISupportedInterfaceOrientations_iPad = "UIInterfaceOrientationPortrait UIInterfaceOrientationPortraitUpsideDown UIInterfaceOrientationLandscapeLeft UIInterfaceOrientationLandscapeRight";
				INFOPLIST_KEY_UISupportedInterfaceOrientations_iPhone = "UIInterfaceOrientationPortrait UIInterfaceOrientationLandscapeLeft UIInterfaceOrientationLandscapeRight";
				IPHONEOS_DEPLOYMENT_TARGET = 26.0;
				LD_RUNPATH_SEARCH_PATHS = (
					"$(inherited)",
					"@executable_path/Frameworks",
				);
				LOCALIZATION_PREFERS_STRING_CATALOGS = YES;
				MARKETING_VERSION = 1.0;
				PRODUCT_BUNDLE_IDENTIFIER = dk.nicolaidam.FeedbackError;
				PRODUCT_NAME = "$(TARGET_NAME)";
				SWIFT_ACTIVE_COMPILATION_CONDITIONS = "DEBUG $(inherited)";
				SWIFT_DEFAULT_ACTOR_ISOLATION = MainActor;
				SWIFT_EMIT_LOC_STRINGS = YES;
				SWIFT_STRICT_CONCURRENCY = complete;
				SWIFT_VERSION = 6.0;
				TARGETED_DEVICE_FAMILY = "1,2";
			};
			name = Debug;
		};
		7A7E44EC2DE85B1400B3C4C4 /* Localhost */ = {
			isa = XCBuildConfiguration;
			buildSettings = {
				ASSETCATALOG_COMPILER_APPICON_NAME = AppIcon;
				ASSETCATALOG_COMPILER_GENERATE_SWIFT_ASSET_SYMBOL_EXTENSIONS = YES;
				ASSETCATALOG_COMPILER_GLOBAL_ACCENT_COLOR_NAME = AccentColor;
				CLANG_CXX_LANGUAGE_STANDARD = "gnu++20";
				CODE_SIGN_STYLE = Automatic;
				CURRENT_PROJECT_VERSION = 1;
				DEVELOPMENT_TEAM = 8B9KRX6NBR;
				ENABLE_PREVIEWS = YES;
				ENABLE_USER_SCRIPT_SANDBOXING = YES;
				GCC_C_LANGUAGE_STANDARD = gnu17;
				GENERATE_INFOPLIST_FILE = YES;
				INFOPLIST_FILE = App/InfoPlist/Info.plist;
				INFOPLIST_KEY_UIApplicationSceneManifest_Generation = YES;
				INFOPLIST_KEY_UIApplicationSupportsIndirectInputEvents = YES;
				INFOPLIST_KEY_UILaunchScreen_Generation = YES;
				INFOPLIST_KEY_UISupportedInterfaceOrientations_iPad = "UIInterfaceOrientationPortrait UIInterfaceOrientationPortraitUpsideDown UIInterfaceOrientationLandscapeLeft UIInterfaceOrientationLandscapeRight";
				INFOPLIST_KEY_UISupportedInterfaceOrientations_iPhone = "UIInterfaceOrientationPortrait UIInterfaceOrientationLandscapeLeft UIInterfaceOrientationLandscapeRight";
				IPHONEOS_DEPLOYMENT_TARGET = 26.0;
				LD_RUNPATH_SEARCH_PATHS = (
					"$(inherited)",
					"@executable_path/Frameworks",
				);
				LOCALIZATION_PREFERS_STRING_CATALOGS = YES;
				MARKETING_VERSION = 1.0;
				PRODUCT_BUNDLE_IDENTIFIER = dk.nicolaidam.FeedbackError;
				PRODUCT_NAME = "$(TARGET_NAME)";
				SWIFT_DEFAULT_ACTOR_ISOLATION = MainActor;
				SWIFT_EMIT_LOC_STRINGS = YES;
				SWIFT_STRICT_CONCURRENCY = complete;
				SWIFT_VERSION = 6.0;
				TARGETED_DEVICE_FAMILY = "1,2";
			};
			name = Localhost;
		};
		7A7E44ED2DE85B1400B3C4C4 /* Release */ = {
			isa = XCBuildConfiguration;
			buildSettings = {
				ASSETCATALOG_COMPILER_APPICON_NAME = AppIcon;
				ASSETCATALOG_COMPILER_GENERATE_SWIFT_ASSET_SYMBOL_EXTENSIONS = YES;
				ASSETCATALOG_COMPILER_GLOBAL_ACCENT_COLOR_NAME = AccentColor;
				CLANG_CXX_LANGUAGE_STANDARD = "gnu++20";
				CODE_SIGN_STYLE = Automatic;
				CURRENT_PROJECT_VERSION = 1;
				DEVELOPMENT_TEAM = 8B9KRX6NBR;
				ENABLE_PREVIEWS = YES;
				ENABLE_USER_SCRIPT_SANDBOXING = YES;
				GCC_C_LANGUAGE_STANDARD = gnu17;
				GENERATE_INFOPLIST_FILE = YES;
				INFOPLIST_FILE = App/InfoPlist/Info.plist;
				INFOPLIST_KEY_UIApplicationSceneManifest_Generation = YES;
				INFOPLIST_KEY_UIApplicationSupportsIndirectInputEvents = YES;
				INFOPLIST_KEY_UILaunchScreen_Generation = YES;
				INFOPLIST_KEY_UISupportedInterfaceOrientations_iPad = "UIInterfaceOrientationPortrait UIInterfaceOrientationPortraitUpsideDown UIInterfaceOrientationLandscapeLeft UIInterfaceOrientationLandscapeRight";
				INFOPLIST_KEY_UISupportedInterfaceOrientations_iPhone = "UIInterfaceOrientationPortrait UIInterfaceOrientationLandscapeLeft UIInterfaceOrientationLandscapeRight";
				IPHONEOS_DEPLOYMENT_TARGET = 26.0;
				LD_RUNPATH_SEARCH_PATHS = (
					"$(inherited)",
					"@executable_path/Frameworks",
				);
				LOCALIZATION_PREFERS_STRING_CATALOGS = YES;
				MARKETING_VERSION = 1.0;
				PRODUCT_BUNDLE_IDENTIFIER = dk.nicolaidam.FeedbackError;
				PRODUCT_NAME = "$(TARGET_NAME)";
				SWIFT_DEFAULT_ACTOR_ISOLATION = MainActor;
				SWIFT_EMIT_LOC_STRINGS = YES;
				SWIFT_STRICT_CONCURRENCY = complete;
				SWIFT_VERSION = 6.0;
				TARGETED_DEVICE_FAMILY = "1,2";
			};
			name = Release;
		};
		7A9E6BD72DC52223005F4828 /* Localhost */ = {
			isa = XCBuildConfiguration;
			baseConfigurationReference = 281A89482E69B7AC0002D56C /* Localhost.xcconfig */;
			buildSettings = {
				ALWAYS_SEARCH_USER_PATHS = NO;
				ASSETCATALOG_COMPILER_GENERATE_SWIFT_ASSET_SYMBOL_EXTENSIONS = YES;
				CLANG_ANALYZER_NONNULL = YES;
				CLANG_ANALYZER_NUMBER_OBJECT_CONVERSION = YES_AGGRESSIVE;
				CLANG_CXX_LANGUAGE_STANDARD = "gnu++17";
				CLANG_ENABLE_MODULES = YES;
				CLANG_ENABLE_OBJC_ARC = YES;
				CLANG_ENABLE_OBJC_WEAK = YES;
				CLANG_WARN_BLOCK_CAPTURE_AUTORELEASING = YES;
				CLANG_WARN_BOOL_CONVERSION = YES;
				CLANG_WARN_COMMA = YES;
				CLANG_WARN_CONSTANT_CONVERSION = YES;
				CLANG_WARN_DEPRECATED_OBJC_IMPLEMENTATIONS = YES;
				CLANG_WARN_DIRECT_OBJC_ISA_USAGE = YES_ERROR;
				CLANG_WARN_DOCUMENTATION_COMMENTS = YES;
				CLANG_WARN_EMPTY_BODY = YES;
				CLANG_WARN_ENUM_CONVERSION = YES;
				CLANG_WARN_INFINITE_RECURSION = YES;
				CLANG_WARN_INT_CONVERSION = YES;
				CLANG_WARN_NON_LITERAL_NULL_CONVERSION = YES;
				CLANG_WARN_OBJC_IMPLICIT_RETAIN_SELF = YES;
				CLANG_WARN_OBJC_LITERAL_CONVERSION = YES;
				CLANG_WARN_OBJC_ROOT_CLASS = YES_ERROR;
				CLANG_WARN_QUOTED_INCLUDE_IN_FRAMEWORK_HEADER = YES;
				CLANG_WARN_RANGE_LOOP_ANALYSIS = YES;
				CLANG_WARN_STRICT_PROTOTYPES = YES;
				CLANG_WARN_SUSPICIOUS_MOVE = YES;
				CLANG_WARN_UNGUARDED_AVAILABILITY = YES_AGGRESSIVE;
				CLANG_WARN_UNREACHABLE_CODE = YES;
				CLANG_WARN__DUPLICATE_METHOD_MATCH = YES;
				COMPILER_FLAG = debug;
				COPY_PHASE_STRIP = NO;
				DEBUG_INFORMATION_FORMAT = "dwarf-with-dsym";
				DEVELOPMENT_ASSET_PATHS = "";
				DEVELOPMENT_TEAM = 8B9KRX6NBR;
				ENABLE_STRICT_OBJC_MSGSEND = YES;
				ENABLE_TESTABILITY = YES;
				GCC_C_LANGUAGE_STANDARD = gnu11;
				GCC_DYNAMIC_NO_PIC = NO;
				GCC_NO_COMMON_BLOCKS = YES;
				GCC_OPTIMIZATION_LEVEL = 0;
				GCC_PREPROCESSOR_DEFINITIONS = (
					"DEBUG=1",
					"$(inherited)",
				);
				GCC_WARN_64_TO_32_BIT_CONVERSION = YES;
				GCC_WARN_ABOUT_RETURN_TYPE = YES_ERROR;
				GCC_WARN_UNDECLARED_SELECTOR = YES;
				GCC_WARN_UNINITIALIZED_AUTOS = YES_AGGRESSIVE;
				GCC_WARN_UNUSED_FUNCTION = YES;
				GCC_WARN_UNUSED_VARIABLE = YES;
				IPHONEOS_DEPLOYMENT_TARGET = 16.6;
				MTL_ENABLE_DEBUG_INFO = INCLUDE_SOURCE;
				MTL_FAST_MATH = YES;
				ONLY_ACTIVE_ARCH = YES;
				PRODUCT_NAME = "Lets Grow";
				SDKROOT = iphoneos;
				STRING_CATALOG_GENERATE_SYMBOLS = YES;
				SWIFT_ACTIVE_COMPILATION_CONDITIONS = DEBUG;
				SWIFT_APPROACHABLE_CONCURRENCY = YES;
				SWIFT_DEFAULT_ACTOR_ISOLATION = MainActor;
				SWIFT_EMIT_LOC_STRINGS = YES;
				SWIFT_OPTIMIZATION_LEVEL = "-Onone";
				SWIFT_STRICT_CONCURRENCY = complete;
				SWIFT_VERSION = 6.0;
			};
			name = Localhost;
		};
		7A9E6BD92DC52223005F4828 /* Localhost */ = {
			isa = XCBuildConfiguration;
			buildSettings = {
				ASSETCATALOG_COMPILER_APPICON_NAME = AppIcon;
				ASSETCATALOG_COMPILER_GENERATE_SWIFT_ASSET_SYMBOL_EXTENSIONS = YES;
				ASSETCATALOG_COMPILER_GLOBAL_ACCENT_COLOR_NAME = AccentColor;
				CLANG_CXX_LANGUAGE_STANDARD = "gnu++20";
				CODE_SIGN_STYLE = Automatic;
				CURRENT_PROJECT_VERSION = 1;
				DEBUG_INFORMATION_FORMAT = dwarf;
				DEVELOPMENT_ASSET_PATHS = "\"Resources/Preview Content\"";
				ENABLE_PREVIEWS = YES;
				ENABLE_USER_SCRIPT_SANDBOXING = YES;
				GCC_C_LANGUAGE_STANDARD = gnu17;
				GENERATE_INFOPLIST_FILE = YES;
				INFOPLIST_FILE = App/InfoPlist/Info.plist;
				INFOPLIST_KEY_UIApplicationSceneManifest_Generation = YES;
				INFOPLIST_KEY_UIApplicationSupportsIndirectInputEvents = YES;
				INFOPLIST_KEY_UILaunchScreen_Generation = YES;
				INFOPLIST_KEY_UISupportedInterfaceOrientations_iPad = "UIInterfaceOrientationPortrait UIInterfaceOrientationPortraitUpsideDown UIInterfaceOrientationLandscapeLeft UIInterfaceOrientationLandscapeRight";
				INFOPLIST_KEY_UISupportedInterfaceOrientations_iPhone = "UIInterfaceOrientationPortrait UIInterfaceOrientationLandscapeLeft UIInterfaceOrientationLandscapeRight";
				IPHONEOS_DEPLOYMENT_TARGET = 26.0;
				LD_RUNPATH_SEARCH_PATHS = (
					"$(inherited)",
					"@executable_path/Frameworks",
				);
				LOCALIZATION_PREFERS_STRING_CATALOGS = YES;
				MARKETING_VERSION = 1.0;
				PRODUCT_BUNDLE_IDENTIFIER = dk.nicolai.FeedbackFlow;
				PRODUCT_NAME = "$(TARGET_NAME)";
				SWIFT_ACTIVE_COMPILATION_CONDITIONS = "DEBUG $(inherited)";
				SWIFT_DEFAULT_ACTOR_ISOLATION = MainActor;
				SWIFT_EMIT_LOC_STRINGS = YES;
				SWIFT_VERSION = 6.0;
				TARGETED_DEVICE_FAMILY = "1,2";
			};
			name = Localhost;
		};
		7A9E6BDA2DC52223005F4828 /* Localhost */ = {
			isa = XCBuildConfiguration;
			buildSettings = {
				ASSETCATALOG_COMPILER_GENERATE_SWIFT_ASSET_SYMBOL_EXTENSIONS = YES;
				BUILD_LIBRARY_FOR_DISTRIBUTION = YES;
				CLANG_CXX_LANGUAGE_STANDARD = "gnu++20";
				CODE_SIGN_IDENTITY = "";
				CODE_SIGN_STYLE = Automatic;
				CURRENT_PROJECT_VERSION = 1;
				DEBUG_INFORMATION_FORMAT = dwarf;
				DEFINES_MODULE = NO;
				DYLIB_COMPATIBILITY_VERSION = 1;
				DYLIB_CURRENT_VERSION = 1;
				DYLIB_INSTALL_NAME_BASE = "@rpath";
				ENABLE_MODULE_VERIFIER = YES;
				ENABLE_USER_SCRIPT_SANDBOXING = NO;
				GCC_C_LANGUAGE_STANDARD = gnu17;
				GENERATE_INFOPLIST_FILE = YES;
				INFOPLIST_KEY_NSHumanReadableCopyright = "";
				INSTALL_PATH = "$(LOCAL_LIBRARY_DIR)/Frameworks";
				IPHONEOS_DEPLOYMENT_TARGET = 26.0;
				LD_RUNPATH_SEARCH_PATHS = (
					"$(inherited)",
					"@executable_path/Frameworks",
					"@loader_path/Frameworks",
				);
				LOCALIZATION_PREFERS_STRING_CATALOGS = YES;
				MARKETING_VERSION = 1.0;
				MODULE_VERIFIER_SUPPORTED_LANGUAGES = "objective-c objective-c++";
				MODULE_VERIFIER_SUPPORTED_LANGUAGE_STANDARDS = "gnu17 gnu++20";
				PRODUCT_BUNDLE_IDENTIFIER = dk.nicolaidam.Lint;
				PRODUCT_NAME = "$(TARGET_NAME:c99extidentifier)";
				SKIP_INSTALL = YES;
				SWIFT_ACTIVE_COMPILATION_CONDITIONS = "DEBUG $(inherited)";
				SWIFT_DEFAULT_ACTOR_ISOLATION = MainActor;
				SWIFT_EMIT_LOC_STRINGS = YES;
				SWIFT_INSTALL_OBJC_HEADER = NO;
				SWIFT_VERSION = 6.0;
				TARGETED_DEVICE_FAMILY = "1,2";
				VERSIONING_SYSTEM = "apple-generic";
				VERSION_INFO_PREFIX = "";
			};
			name = Localhost;
		};
		7A9E6BDB2DC52223005F4828 /* Localhost */ = {
			isa = XCBuildConfiguration;
			buildSettings = {
				ASSETCATALOG_COMPILER_GENERATE_SWIFT_ASSET_SYMBOL_EXTENSIONS = YES;
				BUILD_LIBRARY_FOR_DISTRIBUTION = YES;
				CLANG_CXX_LANGUAGE_STANDARD = "gnu++20";
				CODE_SIGN_IDENTITY = "";
				CODE_SIGN_STYLE = Automatic;
				CURRENT_PROJECT_VERSION = 1;
				DEBUG_INFORMATION_FORMAT = dwarf;
				DEFINES_MODULE = NO;
				DYLIB_COMPATIBILITY_VERSION = 1;
				DYLIB_CURRENT_VERSION = 1;
				DYLIB_INSTALL_NAME_BASE = "@rpath";
				ENABLE_MODULE_VERIFIER = YES;
				ENABLE_USER_SCRIPT_SANDBOXING = NO;
				GCC_C_LANGUAGE_STANDARD = gnu17;
				GENERATE_INFOPLIST_FILE = YES;
				INFOPLIST_KEY_NSHumanReadableCopyright = "";
				INSTALL_PATH = "$(LOCAL_LIBRARY_DIR)/Frameworks";
				IPHONEOS_DEPLOYMENT_TARGET = 26.0;
				LD_RUNPATH_SEARCH_PATHS = (
					"$(inherited)",
					"@executable_path/Frameworks",
					"@loader_path/Frameworks",
				);
				LOCALIZATION_PREFERS_STRING_CATALOGS = YES;
				MARKETING_VERSION = 1.0;
				MODULE_VERIFIER_SUPPORTED_LANGUAGES = "objective-c objective-c++";
				MODULE_VERIFIER_SUPPORTED_LANGUAGE_STANDARDS = "gnu17 gnu++20";
				PRODUCT_BUNDLE_IDENTIFIER = dk.nicolaidam.OpenApi;
				PRODUCT_NAME = "$(TARGET_NAME:c99extidentifier)";
				SKIP_INSTALL = YES;
				SWIFT_ACTIVE_COMPILATION_CONDITIONS = "DEBUG $(inherited)";
				SWIFT_DEFAULT_ACTOR_ISOLATION = MainActor;
				SWIFT_EMIT_LOC_STRINGS = YES;
				SWIFT_INSTALL_OBJC_HEADER = NO;
				SWIFT_VERSION = 6.0;
				TARGETED_DEVICE_FAMILY = "1,2";
				VERSIONING_SYSTEM = "apple-generic";
				VERSION_INFO_PREFIX = "";
			};
			name = Localhost;
		};
		7A9E6BDC2DC52223005F4828 /* Localhost */ = {
			isa = XCBuildConfiguration;
			buildSettings = {
				ASSETCATALOG_COMPILER_APPICON_NAME = AppIcon;
				ASSETCATALOG_COMPILER_GENERATE_SWIFT_ASSET_SYMBOL_EXTENSIONS = YES;
				ASSETCATALOG_COMPILER_GLOBAL_ACCENT_COLOR_NAME = AccentColor;
				CLANG_CXX_LANGUAGE_STANDARD = "gnu++20";
				CODE_SIGN_STYLE = Automatic;
				CURRENT_PROJECT_VERSION = 1;
				DEBUG_INFORMATION_FORMAT = dwarf;
				DEVELOPMENT_ASSET_PATHS = "\"Resources/Preview Content\"";
				DEVELOPMENT_TEAM = 8B9KRX6NBR;
				ENABLE_PREVIEWS = YES;
				ENABLE_USER_SCRIPT_SANDBOXING = YES;
				GCC_C_LANGUAGE_STANDARD = gnu17;
				GENERATE_INFOPLIST_FILE = YES;
				INFOPLIST_FILE = App/InfoPlist/Info.plist;
				INFOPLIST_KEY_CFBundleDisplayName = Mock;
				INFOPLIST_KEY_UIApplicationSceneManifest_Generation = YES;
				INFOPLIST_KEY_UIApplicationSupportsIndirectInputEvents = YES;
				INFOPLIST_KEY_UILaunchScreen_Generation = YES;
				INFOPLIST_KEY_UISupportedInterfaceOrientations_iPad = "UIInterfaceOrientationPortrait UIInterfaceOrientationPortraitUpsideDown UIInterfaceOrientationLandscapeLeft UIInterfaceOrientationLandscapeRight";
				INFOPLIST_KEY_UISupportedInterfaceOrientations_iPhone = "UIInterfaceOrientationPortrait UIInterfaceOrientationLandscapeLeft UIInterfaceOrientationLandscapeRight";
				IPHONEOS_DEPLOYMENT_TARGET = 26.0;
				LD_RUNPATH_SEARCH_PATHS = (
					"$(inherited)",
					"@executable_path/Frameworks",
				);
				LOCALIZATION_PREFERS_STRING_CATALOGS = YES;
				MARKETING_VERSION = 1.0;
				PRODUCT_BUNDLE_IDENTIFIER = dk.nicolaidam.letsgrow.mock;
				PRODUCT_NAME = "$(TARGET_NAME)";
				SWIFT_ACTIVE_COMPILATION_CONDITIONS = "DEBUG $(inherited)";
				SWIFT_DEFAULT_ACTOR_ISOLATION = MainActor;
				SWIFT_EMIT_LOC_STRINGS = YES;
				SWIFT_VERSION = 6.0;
				TARGETED_DEVICE_FAMILY = "1,2";
			};
			name = Localhost;
		};
		7AC3C8752DC4E36B00EF8389 /* Debug */ = {
			isa = XCBuildConfiguration;
			buildSettings = {
				ASSETCATALOG_COMPILER_APPICON_NAME = AppIcon;
				ASSETCATALOG_COMPILER_GENERATE_SWIFT_ASSET_SYMBOL_EXTENSIONS = YES;
				ASSETCATALOG_COMPILER_GLOBAL_ACCENT_COLOR_NAME = AccentColor;
				CLANG_CXX_LANGUAGE_STANDARD = "gnu++20";
				CODE_SIGN_STYLE = Automatic;
				CURRENT_PROJECT_VERSION = 1;
				DEBUG_INFORMATION_FORMAT = dwarf;
				DEVELOPMENT_ASSET_PATHS = "\"Resources/Preview Content\"";
				DEVELOPMENT_TEAM = 8B9KRX6NBR;
				ENABLE_PREVIEWS = YES;
				ENABLE_USER_SCRIPT_SANDBOXING = YES;
				GCC_C_LANGUAGE_STANDARD = gnu17;
				GENERATE_INFOPLIST_FILE = YES;
				INFOPLIST_FILE = App/InfoPlist/Info.plist;
				INFOPLIST_KEY_CFBundleDisplayName = Mock;
				INFOPLIST_KEY_UIApplicationSceneManifest_Generation = YES;
				INFOPLIST_KEY_UIApplicationSupportsIndirectInputEvents = YES;
				INFOPLIST_KEY_UILaunchScreen_Generation = YES;
				INFOPLIST_KEY_UISupportedInterfaceOrientations_iPad = "UIInterfaceOrientationPortrait UIInterfaceOrientationPortraitUpsideDown UIInterfaceOrientationLandscapeLeft UIInterfaceOrientationLandscapeRight";
				INFOPLIST_KEY_UISupportedInterfaceOrientations_iPhone = "UIInterfaceOrientationPortrait UIInterfaceOrientationLandscapeLeft UIInterfaceOrientationLandscapeRight";
				IPHONEOS_DEPLOYMENT_TARGET = 26.0;
				LD_RUNPATH_SEARCH_PATHS = (
					"$(inherited)",
					"@executable_path/Frameworks",
				);
				LOCALIZATION_PREFERS_STRING_CATALOGS = YES;
				MARKETING_VERSION = 1.0;
				PRODUCT_BUNDLE_IDENTIFIER = dk.nicolaidam.letsgrow.mock;
				PRODUCT_NAME = "$(TARGET_NAME)";
				SWIFT_ACTIVE_COMPILATION_CONDITIONS = "DEBUG $(inherited)";
				SWIFT_DEFAULT_ACTOR_ISOLATION = MainActor;
				SWIFT_EMIT_LOC_STRINGS = YES;
				SWIFT_VERSION = 6.0;
				TARGETED_DEVICE_FAMILY = "1,2";
			};
			name = Debug;
		};
		7AC3C8762DC4E36B00EF8389 /* Release */ = {
			isa = XCBuildConfiguration;
			buildSettings = {
				ASSETCATALOG_COMPILER_APPICON_NAME = AppIcon;
				ASSETCATALOG_COMPILER_GENERATE_SWIFT_ASSET_SYMBOL_EXTENSIONS = YES;
				ASSETCATALOG_COMPILER_GLOBAL_ACCENT_COLOR_NAME = AccentColor;
				CLANG_CXX_LANGUAGE_STANDARD = "gnu++20";
				CODE_SIGN_STYLE = Automatic;
				CURRENT_PROJECT_VERSION = 1;
				DEVELOPMENT_ASSET_PATHS = "\"Resources/Preview Content\"";
				DEVELOPMENT_TEAM = 8B9KRX6NBR;
				ENABLE_PREVIEWS = YES;
				ENABLE_USER_SCRIPT_SANDBOXING = YES;
				GCC_C_LANGUAGE_STANDARD = gnu17;
				GENERATE_INFOPLIST_FILE = YES;
				INFOPLIST_FILE = App/InfoPlist/Info.plist;
				INFOPLIST_KEY_CFBundleDisplayName = Mock;
				INFOPLIST_KEY_UIApplicationSceneManifest_Generation = YES;
				INFOPLIST_KEY_UIApplicationSupportsIndirectInputEvents = YES;
				INFOPLIST_KEY_UILaunchScreen_Generation = YES;
				INFOPLIST_KEY_UISupportedInterfaceOrientations_iPad = "UIInterfaceOrientationPortrait UIInterfaceOrientationPortraitUpsideDown UIInterfaceOrientationLandscapeLeft UIInterfaceOrientationLandscapeRight";
				INFOPLIST_KEY_UISupportedInterfaceOrientations_iPhone = "UIInterfaceOrientationPortrait UIInterfaceOrientationLandscapeLeft UIInterfaceOrientationLandscapeRight";
				IPHONEOS_DEPLOYMENT_TARGET = 26.0;
				LD_RUNPATH_SEARCH_PATHS = (
					"$(inherited)",
					"@executable_path/Frameworks",
				);
				LOCALIZATION_PREFERS_STRING_CATALOGS = YES;
				MARKETING_VERSION = 1.0;
				PRODUCT_BUNDLE_IDENTIFIER = dk.nicolaidam.letsgrow.mock;
				PRODUCT_NAME = "$(TARGET_NAME)";
				SWIFT_DEFAULT_ACTOR_ISOLATION = MainActor;
				SWIFT_EMIT_LOC_STRINGS = YES;
				SWIFT_VERSION = 6.0;
				TARGETED_DEVICE_FAMILY = "1,2";
			};
			name = Release;
		};
		7AE155E92D26A31200440870 /* Debug */ = {
			isa = XCBuildConfiguration;
			buildSettings = {
				ASSETCATALOG_COMPILER_GENERATE_SWIFT_ASSET_SYMBOL_EXTENSIONS = YES;
				BUILD_LIBRARY_FOR_DISTRIBUTION = YES;
				CLANG_CXX_LANGUAGE_STANDARD = "gnu++20";
				CODE_SIGN_IDENTITY = "";
				CODE_SIGN_STYLE = Automatic;
				CURRENT_PROJECT_VERSION = 1;
				DEBUG_INFORMATION_FORMAT = dwarf;
				DEFINES_MODULE = NO;
				DYLIB_COMPATIBILITY_VERSION = 1;
				DYLIB_CURRENT_VERSION = 1;
				DYLIB_INSTALL_NAME_BASE = "@rpath";
				ENABLE_MODULE_VERIFIER = YES;
				ENABLE_USER_SCRIPT_SANDBOXING = NO;
				GCC_C_LANGUAGE_STANDARD = gnu17;
				GENERATE_INFOPLIST_FILE = YES;
				INFOPLIST_KEY_NSHumanReadableCopyright = "";
				INSTALL_PATH = "$(LOCAL_LIBRARY_DIR)/Frameworks";
				IPHONEOS_DEPLOYMENT_TARGET = 26.0;
				LD_RUNPATH_SEARCH_PATHS = (
					"$(inherited)",
					"@executable_path/Frameworks",
					"@loader_path/Frameworks",
				);
				LOCALIZATION_PREFERS_STRING_CATALOGS = YES;
				MARKETING_VERSION = 1.0;
				MODULE_VERIFIER_SUPPORTED_LANGUAGES = "objective-c objective-c++";
				MODULE_VERIFIER_SUPPORTED_LANGUAGE_STANDARDS = "gnu17 gnu++20";
				PRODUCT_BUNDLE_IDENTIFIER = dk.nicolaidam.Lint;
				PRODUCT_NAME = "$(TARGET_NAME:c99extidentifier)";
				SKIP_INSTALL = YES;
				SWIFT_ACTIVE_COMPILATION_CONDITIONS = "DEBUG $(inherited)";
				SWIFT_DEFAULT_ACTOR_ISOLATION = MainActor;
				SWIFT_EMIT_LOC_STRINGS = YES;
				SWIFT_INSTALL_OBJC_HEADER = NO;
				SWIFT_VERSION = 6.0;
				TARGETED_DEVICE_FAMILY = "1,2";
				VERSIONING_SYSTEM = "apple-generic";
				VERSION_INFO_PREFIX = "";
			};
			name = Debug;
		};
		7AE155EA2D26A31200440870 /* Release */ = {
			isa = XCBuildConfiguration;
			buildSettings = {
				ASSETCATALOG_COMPILER_GENERATE_SWIFT_ASSET_SYMBOL_EXTENSIONS = YES;
				BUILD_LIBRARY_FOR_DISTRIBUTION = YES;
				CLANG_CXX_LANGUAGE_STANDARD = "gnu++20";
				CODE_SIGN_IDENTITY = "";
				CODE_SIGN_STYLE = Automatic;
				CURRENT_PROJECT_VERSION = 1;
				DEFINES_MODULE = NO;
				DYLIB_COMPATIBILITY_VERSION = 1;
				DYLIB_CURRENT_VERSION = 1;
				DYLIB_INSTALL_NAME_BASE = "@rpath";
				ENABLE_MODULE_VERIFIER = YES;
				ENABLE_USER_SCRIPT_SANDBOXING = NO;
				GCC_C_LANGUAGE_STANDARD = gnu17;
				GENERATE_INFOPLIST_FILE = YES;
				INFOPLIST_KEY_NSHumanReadableCopyright = "";
				INSTALL_PATH = "$(LOCAL_LIBRARY_DIR)/Frameworks";
				IPHONEOS_DEPLOYMENT_TARGET = 26.0;
				LD_RUNPATH_SEARCH_PATHS = (
					"$(inherited)",
					"@executable_path/Frameworks",
					"@loader_path/Frameworks",
				);
				LOCALIZATION_PREFERS_STRING_CATALOGS = YES;
				MARKETING_VERSION = 1.0;
				MODULE_VERIFIER_SUPPORTED_LANGUAGES = "objective-c objective-c++";
				MODULE_VERIFIER_SUPPORTED_LANGUAGE_STANDARDS = "gnu17 gnu++20";
				PRODUCT_BUNDLE_IDENTIFIER = dk.nicolaidam.Lint;
				PRODUCT_NAME = "$(TARGET_NAME:c99extidentifier)";
				SKIP_INSTALL = YES;
				SWIFT_DEFAULT_ACTOR_ISOLATION = MainActor;
				SWIFT_EMIT_LOC_STRINGS = YES;
				SWIFT_INSTALL_OBJC_HEADER = NO;
				SWIFT_VERSION = 6.0;
				TARGETED_DEVICE_FAMILY = "1,2";
				VERSIONING_SYSTEM = "apple-generic";
				VERSION_INFO_PREFIX = "";
			};
			name = Release;
		};
		7AE1562D2D26AD4900440870 /* Debug */ = {
			isa = XCBuildConfiguration;
			buildSettings = {
				ASSETCATALOG_COMPILER_GENERATE_SWIFT_ASSET_SYMBOL_EXTENSIONS = YES;
				BUILD_LIBRARY_FOR_DISTRIBUTION = YES;
				CLANG_CXX_LANGUAGE_STANDARD = "gnu++20";
				CODE_SIGN_IDENTITY = "";
				CODE_SIGN_STYLE = Automatic;
				CURRENT_PROJECT_VERSION = 1;
				DEBUG_INFORMATION_FORMAT = dwarf;
				DEFINES_MODULE = NO;
				DYLIB_COMPATIBILITY_VERSION = 1;
				DYLIB_CURRENT_VERSION = 1;
				DYLIB_INSTALL_NAME_BASE = "@rpath";
				ENABLE_MODULE_VERIFIER = YES;
				ENABLE_USER_SCRIPT_SANDBOXING = NO;
				GCC_C_LANGUAGE_STANDARD = gnu17;
				GENERATE_INFOPLIST_FILE = YES;
				INFOPLIST_KEY_NSHumanReadableCopyright = "";
				INSTALL_PATH = "$(LOCAL_LIBRARY_DIR)/Frameworks";
				IPHONEOS_DEPLOYMENT_TARGET = 26.0;
				LD_RUNPATH_SEARCH_PATHS = (
					"$(inherited)",
					"@executable_path/Frameworks",
					"@loader_path/Frameworks",
				);
				LOCALIZATION_PREFERS_STRING_CATALOGS = YES;
				MARKETING_VERSION = 1.0;
				MODULE_VERIFIER_SUPPORTED_LANGUAGES = "objective-c objective-c++";
				MODULE_VERIFIER_SUPPORTED_LANGUAGE_STANDARDS = "gnu17 gnu++20";
				PRODUCT_BUNDLE_IDENTIFIER = dk.nicolaidam.OpenApi;
				PRODUCT_NAME = "$(TARGET_NAME:c99extidentifier)";
				SKIP_INSTALL = YES;
				SWIFT_ACTIVE_COMPILATION_CONDITIONS = "DEBUG $(inherited)";
				SWIFT_DEFAULT_ACTOR_ISOLATION = MainActor;
				SWIFT_EMIT_LOC_STRINGS = YES;
				SWIFT_INSTALL_OBJC_HEADER = NO;
				SWIFT_VERSION = 6.0;
				TARGETED_DEVICE_FAMILY = "1,2";
				VERSIONING_SYSTEM = "apple-generic";
				VERSION_INFO_PREFIX = "";
			};
			name = Debug;
		};
		7AE1562E2D26AD4900440870 /* Release */ = {
			isa = XCBuildConfiguration;
			buildSettings = {
				ASSETCATALOG_COMPILER_GENERATE_SWIFT_ASSET_SYMBOL_EXTENSIONS = YES;
				BUILD_LIBRARY_FOR_DISTRIBUTION = YES;
				CLANG_CXX_LANGUAGE_STANDARD = "gnu++20";
				CODE_SIGN_IDENTITY = "";
				CODE_SIGN_STYLE = Automatic;
				CURRENT_PROJECT_VERSION = 1;
				DEFINES_MODULE = NO;
				DYLIB_COMPATIBILITY_VERSION = 1;
				DYLIB_CURRENT_VERSION = 1;
				DYLIB_INSTALL_NAME_BASE = "@rpath";
				ENABLE_MODULE_VERIFIER = YES;
				ENABLE_USER_SCRIPT_SANDBOXING = NO;
				GCC_C_LANGUAGE_STANDARD = gnu17;
				GENERATE_INFOPLIST_FILE = YES;
				INFOPLIST_KEY_NSHumanReadableCopyright = "";
				INSTALL_PATH = "$(LOCAL_LIBRARY_DIR)/Frameworks";
				IPHONEOS_DEPLOYMENT_TARGET = 26.0;
				LD_RUNPATH_SEARCH_PATHS = (
					"$(inherited)",
					"@executable_path/Frameworks",
					"@loader_path/Frameworks",
				);
				LOCALIZATION_PREFERS_STRING_CATALOGS = YES;
				MARKETING_VERSION = 1.0;
				MODULE_VERIFIER_SUPPORTED_LANGUAGES = "objective-c objective-c++";
				MODULE_VERIFIER_SUPPORTED_LANGUAGE_STANDARDS = "gnu17 gnu++20";
				PRODUCT_BUNDLE_IDENTIFIER = dk.nicolaidam.OpenApi;
				PRODUCT_NAME = "$(TARGET_NAME:c99extidentifier)";
				SKIP_INSTALL = YES;
				SWIFT_DEFAULT_ACTOR_ISOLATION = MainActor;
				SWIFT_EMIT_LOC_STRINGS = YES;
				SWIFT_INSTALL_OBJC_HEADER = NO;
				SWIFT_VERSION = 6.0;
				TARGETED_DEVICE_FAMILY = "1,2";
				VERSIONING_SYSTEM = "apple-generic";
				VERSION_INFO_PREFIX = "";
			};
			name = Release;
		};
		B1057F412843FD8700B9EE2F /* Release */ = {
			isa = XCBuildConfiguration;
			baseConfigurationReference = 281A89492E69B7AC0002D56C /* Release.xcconfig */;
			buildSettings = {
				ALWAYS_SEARCH_USER_PATHS = NO;
				ASSETCATALOG_COMPILER_GENERATE_SWIFT_ASSET_SYMBOL_EXTENSIONS = YES;
				CLANG_ANALYZER_NONNULL = YES;
				CLANG_ANALYZER_NUMBER_OBJECT_CONVERSION = YES_AGGRESSIVE;
				CLANG_CXX_LANGUAGE_STANDARD = "gnu++17";
				CLANG_ENABLE_MODULES = YES;
				CLANG_ENABLE_OBJC_ARC = YES;
				CLANG_ENABLE_OBJC_WEAK = YES;
				CLANG_WARN_BLOCK_CAPTURE_AUTORELEASING = YES;
				CLANG_WARN_BOOL_CONVERSION = YES;
				CLANG_WARN_COMMA = YES;
				CLANG_WARN_CONSTANT_CONVERSION = YES;
				CLANG_WARN_DEPRECATED_OBJC_IMPLEMENTATIONS = YES;
				CLANG_WARN_DIRECT_OBJC_ISA_USAGE = YES_ERROR;
				CLANG_WARN_DOCUMENTATION_COMMENTS = YES;
				CLANG_WARN_EMPTY_BODY = YES;
				CLANG_WARN_ENUM_CONVERSION = YES;
				CLANG_WARN_INFINITE_RECURSION = YES;
				CLANG_WARN_INT_CONVERSION = YES;
				CLANG_WARN_NON_LITERAL_NULL_CONVERSION = YES;
				CLANG_WARN_OBJC_IMPLICIT_RETAIN_SELF = YES;
				CLANG_WARN_OBJC_LITERAL_CONVERSION = YES;
				CLANG_WARN_OBJC_ROOT_CLASS = YES_ERROR;
				CLANG_WARN_QUOTED_INCLUDE_IN_FRAMEWORK_HEADER = YES;
				CLANG_WARN_RANGE_LOOP_ANALYSIS = YES;
				CLANG_WARN_STRICT_PROTOTYPES = YES;
				CLANG_WARN_SUSPICIOUS_MOVE = YES;
				CLANG_WARN_UNGUARDED_AVAILABILITY = YES_AGGRESSIVE;
				CLANG_WARN_UNREACHABLE_CODE = YES;
				CLANG_WARN__DUPLICATE_METHOD_MATCH = YES;
				COPY_PHASE_STRIP = NO;
				DEBUG_INFORMATION_FORMAT = "dwarf-with-dsym";
				DEVELOPMENT_ASSET_PATHS = "";
				DEVELOPMENT_TEAM = 8B9KRX6NBR;
				ENABLE_NS_ASSERTIONS = NO;
				ENABLE_STRICT_OBJC_MSGSEND = YES;
				GCC_C_LANGUAGE_STANDARD = gnu11;
				GCC_NO_COMMON_BLOCKS = YES;
				GCC_WARN_64_TO_32_BIT_CONVERSION = YES;
				GCC_WARN_ABOUT_RETURN_TYPE = YES_ERROR;
				GCC_WARN_UNDECLARED_SELECTOR = YES;
				GCC_WARN_UNINITIALIZED_AUTOS = YES_AGGRESSIVE;
				GCC_WARN_UNUSED_FUNCTION = YES;
				GCC_WARN_UNUSED_VARIABLE = YES;
				IPHONEOS_DEPLOYMENT_TARGET = 16.6;
				MTL_ENABLE_DEBUG_INFO = NO;
				MTL_FAST_MATH = YES;
				PRODUCT_NAME = "Lets Grow";
				SDKROOT = iphoneos;
				STRING_CATALOG_GENERATE_SYMBOLS = YES;
				SWIFT_APPROACHABLE_CONCURRENCY = YES;
				SWIFT_COMPILATION_MODE = wholemodule;
				SWIFT_DEFAULT_ACTOR_ISOLATION = MainActor;
				SWIFT_EMIT_LOC_STRINGS = YES;
				SWIFT_OPTIMIZATION_LEVEL = "-O";
				SWIFT_STRICT_CONCURRENCY = complete;
				SWIFT_VERSION = 6.0;
				VALIDATE_PRODUCT = YES;
			};
			name = Release;
		};
/* End XCBuildConfiguration section */

/* Begin XCConfigurationList section */
		2892AA442C0F89C700F12E83 /* Build configuration list for PBXNativeTarget "Feedback Flow" */ = {
			isa = XCConfigurationList;
			buildConfigurations = (
				2892AA412C0F89C700F12E83 /* Debug */,
				7A9E6BD92DC52223005F4828 /* Localhost */,
				2892AA422C0F89C700F12E83 /* Release */,
			);
			defaultConfigurationIsVisible = 0;
			defaultConfigurationName = Release;
		};
		28D888482E6788FF00F0B6BE /* Build configuration list for PBXNativeTarget "App" */ = {
			isa = XCConfigurationList;
			buildConfigurations = (
				28D888492E6788FF00F0B6BE /* Debug */,
				28D8884A2E6788FF00F0B6BE /* Localhost */,
				28D8884B2E6788FF00F0B6BE /* Release */,
			);
			defaultConfigurationIsVisible = 0;
			defaultConfigurationName = Release;
		};
		7A7E44EA2DE85B1400B3C4C4 /* Build configuration list for PBXNativeTarget "Feedback Error" */ = {
			isa = XCConfigurationList;
			buildConfigurations = (
				7A7E44EB2DE85B1400B3C4C4 /* Debug */,
				7A7E44EC2DE85B1400B3C4C4 /* Localhost */,
				7A7E44ED2DE85B1400B3C4C4 /* Release */,
			);
			defaultConfigurationIsVisible = 0;
			defaultConfigurationName = Release;
		};
		7AC3C8782DC4E36B00EF8389 /* Build configuration list for PBXNativeTarget "Feedback Mock" */ = {
			isa = XCConfigurationList;
			buildConfigurations = (
				7AC3C8752DC4E36B00EF8389 /* Debug */,
				7A9E6BDC2DC52223005F4828 /* Localhost */,
				7AC3C8762DC4E36B00EF8389 /* Release */,
			);
			defaultConfigurationIsVisible = 0;
			defaultConfigurationName = Release;
		};
		7AE155E72D26A31200440870 /* Build configuration list for PBXNativeTarget "Auto Lint" */ = {
			isa = XCConfigurationList;
			buildConfigurations = (
				7AE155E92D26A31200440870 /* Debug */,
				7A9E6BDA2DC52223005F4828 /* Localhost */,
				7AE155EA2D26A31200440870 /* Release */,
			);
			defaultConfigurationIsVisible = 0;
			defaultConfigurationName = Release;
		};
		7AE1562B2D26AD4900440870 /* Build configuration list for PBXNativeTarget "Fetch OpenApi" */ = {
			isa = XCConfigurationList;
			buildConfigurations = (
				7AE1562D2D26AD4900440870 /* Debug */,
				7A9E6BDB2DC52223005F4828 /* Localhost */,
				7AE1562E2D26AD4900440870 /* Release */,
			);
			defaultConfigurationIsVisible = 0;
			defaultConfigurationName = Release;
		};
		B1057F2F2843FD8600B9EE2F /* Build configuration list for PBXProject "Feedback" */ = {
			isa = XCConfigurationList;
			buildConfigurations = (
				2867BED7299AC324001A11DD /* Debug */,
				7A9E6BD72DC52223005F4828 /* Localhost */,
				B1057F412843FD8700B9EE2F /* Release */,
			);
			defaultConfigurationIsVisible = 0;
			defaultConfigurationName = Release;
		};
/* End XCConfigurationList section */

/* Begin XCSwiftPackageProductDependency section */
		285E15C42E69C28800C1B766 /* RootFeature */ = {
			isa = XCSwiftPackageProductDependency;
			productName = RootFeature;
		};
		285F02882C12328F00AE8942 /* FeedbackFlow */ = {
			isa = XCSwiftPackageProductDependency;
			productName = FeedbackFlow;
		};
		28D8883A2E6788FF00F0B6BE /* Implementations */ = {
			isa = XCSwiftPackageProductDependency;
			productName = Implementations;
		};
		28D8883B2E6788FF00F0B6BE /* InfoPlist */ = {
			isa = XCSwiftPackageProductDependency;
			productName = InfoPlist;
		};
		28D8883C2E6788FF00F0B6BE /* RootFeature */ = {
			isa = XCSwiftPackageProductDependency;
			productName = RootFeature;
		};
		7A062A3A2E12EE8F000AA1A5 /* RootFeature */ = {
			isa = XCSwiftPackageProductDependency;
			productName = RootFeature;
		};
		7A49F5562DD9FE8500FF5B86 /* Implementations */ = {
			isa = XCSwiftPackageProductDependency;
			productName = Implementations;
		};
		7A49F5582DDA0ED700FF5B86 /* InfoPlist */ = {
			isa = XCSwiftPackageProductDependency;
			productName = InfoPlist;
		};
		7A7D2D852E13D184008B31F0 /* FeedbackFlowFeature */ = {
			isa = XCSwiftPackageProductDependency;
			productName = FeedbackFlowFeature;
		};
		7A7E44EE2DE85B4800B3C4C4 /* AppCore */ = {
			isa = XCSwiftPackageProductDependency;
			productName = AppCore;
		};
		7ABB22252E17F061006B6865 /* RootFeature */ = {
			isa = XCSwiftPackageProductDependency;
			productName = RootFeature;
		};
/* End XCSwiftPackageProductDependency section */
	};
	rootObject = B1057F2C2843FD8600B9EE2F /* Project object */;
}
